Microsoft Visual Studio Solution File, Format Version 12.00
# Visual Studio 15
Project("{8BC9CEB8-8B4A-11D0-8D11-00A0C91BC942}") = "ALL_BUILD", "ALL_BUILD.vcxproj", "{2A3E0C04-B9BE-3DBF-BA9A-FE41DD3A0F97}"
	ProjectSection(ProjectDependencies) = postProject
		{CB015DCC-8BD1-3EC2-A947-82E705CE89BB} = {CB015DCC-8BD1-3EC2-A947-82E705CE89BB}
		{AF2FBAB6-DC1F-3626-A886-84C6419D2C26} = {AF2FBAB6-DC1F-3626-A886-84C6419D2C26}
		{20E899C6-FADD-3967-AD37-8E72EF4B7D57} = {20E899C6-FADD-3967-AD37-8E72EF4B7D57}
		{1D26C6AB-8010-3925-8124-E41C272B6F68} = {1D26C6AB-8010-3925-8124-E41C272B6F68}
		{D02B6787-846C-3669-86F8-C202D8ECBFF0} = {D02B6787-846C-3669-86F8-C202D8ECBFF0}
		{57CE4F14-4AD9-38FD-9347-513A2DC7DC76} = {57CE4F14-4AD9-38FD-9347-513A2DC7DC76}
		{B3A01E35-5F24-380A-967A-6486C77EEA42} = {B3A01E35-5F24-380A-967A-6486C77EEA42}
		{FC317F2E-D92E-3629-AAC5-B4C0C1E12666} = {FC317F2E-D92E-3629-AAC5-B4C0C1E12666}
		{2F9EBA17-882B-358D-B47E-6BA992224F5E} = {2F9EBA17-882B-358D-B47E-6BA992224F5E}
		{20CDDA9B-864C-31B6-A29B-86143AB4F92D} = {20CDDA9B-864C-31B6-A29B-86143AB4F92D}
		{710644EF-5364-39E3-B158-58BE246A6F49} = {710644EF-5364-39E3-B158-58BE246A6F49}
		{349AFD47-BB9A-3F84-8B2D-CB74F73BCDD9} = {349AFD47-BB9A-3F84-8B2D-CB74F73BCDD9}
		{5003AB61-DD72-3B29-96CB-137DC3232BAB} = {5003AB61-DD72-3B29-96CB-137DC3232BAB}
		{547322FD-0409-3DF5-9EFC-D568C057A5E1} = {547322FD-0409-3DF5-9EFC-D568C057A5E1}
		{C9167E32-ABCD-372D-8FB6-5E22F3D6C6CC} = {C9167E32-ABCD-372D-8FB6-5E22F3D6C6CC}
		{6595099D-7B85-3EAF-9462-0ADAE65B5942} = {6595099D-7B85-3EAF-9462-0ADAE65B5942}
		{56524BA4-042B-30BE-92E4-EECF6E467DEE} = {56524BA4-042B-30BE-92E4-EECF6E467DEE}
		{EDABFED6-5CEF-3F57-81CA-2F5B9064B439} = {EDABFED6-5CEF-3F57-81CA-2F5B9064B439}
		{153DA842-8EBA-36E7-AB84-BFA55923891A} = {153DA842-8EBA-36E7-AB84-BFA55923891A}
		{8AF0B46F-D7A9-3594-8018-C5C6E632C571} = {8AF0B46F-D7A9-3594-8018-C5C6E632C571}
		{BA7B19A0-E4B5-3FF8-97D9-110B966B206A} = {BA7B19A0-E4B5-3FF8-97D9-110B966B206A}
		{EA6EB488-0259-3A24-B303-D97D242D7C82} = {EA6EB488-0259-3A24-B303-D97D242D7C82}
		{AE47A16B-52A1-30EF-96D8-46D6641F2DC4} = {AE47A16B-52A1-30EF-96D8-46D6641F2DC4}
		{AB3EFE20-8F74-39A5-8260-4658626B29FE} = {AB3EFE20-8F74-39A5-8260-4658626B29FE}
		{CC8F575C-80F5-3477-A4E5-9A5DCE1399DB} = {CC8F575C-80F5-3477-A4E5-9A5DCE1399DB}
		{1AEEBBF7-4196-366F-8BEB-6DB119236508} = {1AEEBBF7-4196-366F-8BEB-6DB119236508}
		{87831B9A-31A1-3293-87D3-4434A6126791} = {87831B9A-31A1-3293-87D3-4434A6126791}
		{74E66E0B-4C80-356A-885B-2A72CD7537A3} = {74E66E0B-4C80-356A-885B-2A72CD7537A3}
		{42142EF1-1732-359F-951B-B1090F17CD73} = {42142EF1-1732-359F-951B-B1090F17CD73}
		{12E81B05-CA76-3DAB-8E8A-A55102A28F4B} = {12E81B05-CA76-3DAB-8E8A-A55102A28F4B}
		{A68C10FE-8ADF-3142-B950-8244F6CF647A} = {A68C10FE-8ADF-3142-B950-8244F6CF647A}
		{8219B90F-BD61-3B4A-A5C9-113E1B3D63CF} = {8219B90F-BD61-3B4A-A5C9-113E1B3D63CF}
		{812B77EF-1F65-3261-8614-2500725C1A39} = {812B77EF-1F65-3261-8614-2500725C1A39}
		{C8E1C368-ADED-33F5-997A-DA9316C5498B} = {C8E1C368-ADED-33F5-997A-DA9316C5498B}
		{6FE83404-A270-3874-B7A9-ECF38EA51FE5} = {6FE83404-A270-3874-B7A9-ECF38EA51FE5}
		{4F3E1EF9-3F21-3021-B517-D4368DB8297B} = {4F3E1EF9-3F21-3021-B517-D4368DB8297B}
		{8594B04C-A004-35A3-8984-0E8D9A90B254} = {8594B04C-A004-35A3-8984-0E8D9A90B254}
		{5E4FCA30-DA2C-3E28-B4B4-B79F949F6B8D} = {5E4FCA30-DA2C-3E28-B4B4-B79F949F6B8D}
		{91B65AC8-1187-3828-86A8-FDEBF10A67C8} = {91B65AC8-1187-3828-86A8-FDEBF10A67C8}
		{7456D717-6C95-3FB9-AB18-53C0087A3ED0} = {7456D717-6C95-3FB9-AB18-53C0087A3ED0}
		{DC3B6D83-5D73-337E-B8A1-0FE16068E2B1} = {DC3B6D83-5D73-337E-B8A1-0FE16068E2B1}
		{09691756-B191-3F38-B76F-BF0196FD9FD3} = {09691756-B191-3F38-B76F-BF0196FD9FD3}
	EndProjectSection
EndProject
Project("{8BC9CEB8-8B4A-11D0-8D11-00A0C91BC942}") = "AppBasicExampleGui", "examples\BasicDemo\AppBasicExampleGui.vcxproj", "{CB015DCC-8BD1-3EC2-A947-82E705CE89BB}"
	ProjectSection(ProjectDependencies) = postProject
		{349AFD47-BB9A-3F84-8B2D-CB74F73BCDD9} = {349AFD47-BB9A-3F84-8B2D-CB74F73BCDD9}
		{6595099D-7B85-3EAF-9462-0ADAE65B5942} = {6595099D-7B85-3EAF-9462-0ADAE65B5942}
		{56524BA4-042B-30BE-92E4-EECF6E467DEE} = {56524BA4-042B-30BE-92E4-EECF6E467DEE}
		{12E81B05-CA76-3DAB-8E8A-A55102A28F4B} = {12E81B05-CA76-3DAB-8E8A-A55102A28F4B}
		{A68C10FE-8ADF-3142-B950-8244F6CF647A} = {A68C10FE-8ADF-3142-B950-8244F6CF647A}
		{91B65AC8-1187-3828-86A8-FDEBF10A67C8} = {91B65AC8-1187-3828-86A8-FDEBF10A67C8}
	EndProjectSection
EndProject
Project("{8BC9CEB8-8B4A-11D0-8D11-00A0C91BC942}") = "App_BasicExample", "examples\BasicDemo\App_BasicExample.vcxproj", "{AF2FBAB6-DC1F-3626-A886-84C6419D2C26}"
	ProjectSection(ProjectDependencies) = postProject
		{6595099D-7B85-3EAF-9462-0ADAE65B5942} = {6595099D-7B85-3EAF-9462-0ADAE65B5942}
		{56524BA4-042B-30BE-92E4-EECF6E467DEE} = {56524BA4-042B-30BE-92E4-EECF6E467DEE}
		{12E81B05-CA76-3DAB-8E8A-A55102A28F4B} = {12E81B05-CA76-3DAB-8E8A-A55102A28F4B}
		{91B65AC8-1187-3828-86A8-FDEBF10A67C8} = {91B65AC8-1187-3828-86A8-FDEBF10A67C8}
	EndProjectSection
EndProject
Project("{8BC9CEB8-8B4A-11D0-8D11-00A0C91BC942}") = "App_ExampleBrowser", "examples\ExampleBrowser\App_ExampleBrowser.vcxproj", "{20E899C6-FADD-3967-AD37-8E72EF4B7D57}"
	ProjectSection(ProjectDependencies) = postProject
		{349AFD47-BB9A-3F84-8B2D-CB74F73BCDD9} = {349AFD47-BB9A-3F84-8B2D-CB74F73BCDD9}
		{6595099D-7B85-3EAF-9462-0ADAE65B5942} = {6595099D-7B85-3EAF-9462-0ADAE65B5942}
		{56524BA4-042B-30BE-92E4-EECF6E467DEE} = {56524BA4-042B-30BE-92E4-EECF6E467DEE}
		{EDABFED6-5CEF-3F57-81CA-2F5B9064B439} = {EDABFED6-5CEF-3F57-81CA-2F5B9064B439}
		{8AF0B46F-D7A9-3594-8018-C5C6E632C571} = {8AF0B46F-D7A9-3594-8018-C5C6E632C571}
		{BA7B19A0-E4B5-3FF8-97D9-110B966B206A} = {BA7B19A0-E4B5-3FF8-97D9-110B966B206A}
		{AE47A16B-52A1-30EF-96D8-46D6641F2DC4} = {AE47A16B-52A1-30EF-96D8-46D6641F2DC4}
		{1AEEBBF7-4196-366F-8BEB-6DB119236508} = {1AEEBBF7-4196-366F-8BEB-6DB119236508}
		{12E81B05-CA76-3DAB-8E8A-A55102A28F4B} = {12E81B05-CA76-3DAB-8E8A-A55102A28F4B}
		{A68C10FE-8ADF-3142-B950-8244F6CF647A} = {A68C10FE-8ADF-3142-B950-8244F6CF647A}
		{91B65AC8-1187-3828-86A8-FDEBF10A67C8} = {91B65AC8-1187-3828-86A8-FDEBF10A67C8}
		{09691756-B191-3F38-B76F-BF0196FD9FD3} = {09691756-B191-3F38-B76F-BF0196FD9FD3}
	EndProjectSection
EndProject
Project("{8BC9CEB8-8B4A-11D0-8D11-00A0C91BC942}") = "App_HelloWorld", "examples\HelloWorld\App_HelloWorld.vcxproj", "{1D26C6AB-8010-3925-8124-E41C272B6F68}"
	ProjectSection(ProjectDependencies) = postProject
		{6595099D-7B85-3EAF-9462-0ADAE65B5942} = {6595099D-7B85-3EAF-9462-0ADAE65B5942}
		{56524BA4-042B-30BE-92E4-EECF6E467DEE} = {56524BA4-042B-30BE-92E4-EECF6E467DEE}
		{12E81B05-CA76-3DAB-8E8A-A55102A28F4B} = {12E81B05-CA76-3DAB-8E8A-A55102A28F4B}
		{91B65AC8-1187-3828-86A8-FDEBF10A67C8} = {91B65AC8-1187-3828-86A8-FDEBF10A67C8}
	EndProjectSection
EndProject
Project("{8BC9CEB8-8B4A-11D0-8D11-00A0C91BC942}") = "App_PhysicsServer_SharedMemory", "examples\SharedMemory\App_PhysicsServer_SharedMemory.vcxproj", "{D02B6787-846C-3669-86F8-C202D8ECBFF0}"
	ProjectSection(ProjectDependencies) = postProject
		{349AFD47-BB9A-3F84-8B2D-CB74F73BCDD9} = {349AFD47-BB9A-3F84-8B2D-CB74F73BCDD9}
		{6595099D-7B85-3EAF-9462-0ADAE65B5942} = {6595099D-7B85-3EAF-9462-0ADAE65B5942}
		{56524BA4-042B-30BE-92E4-EECF6E467DEE} = {56524BA4-042B-30BE-92E4-EECF6E467DEE}
		{153DA842-8EBA-36E7-AB84-BFA55923891A} = {153DA842-8EBA-36E7-AB84-BFA55923891A}
		{8AF0B46F-D7A9-3594-8018-C5C6E632C571} = {8AF0B46F-D7A9-3594-8018-C5C6E632C571}
		{BA7B19A0-E4B5-3FF8-97D9-110B966B206A} = {BA7B19A0-E4B5-3FF8-97D9-110B966B206A}
		{AB3EFE20-8F74-39A5-8260-4658626B29FE} = {AB3EFE20-8F74-39A5-8260-4658626B29FE}
		{1AEEBBF7-4196-366F-8BEB-6DB119236508} = {1AEEBBF7-4196-366F-8BEB-6DB119236508}
		{12E81B05-CA76-3DAB-8E8A-A55102A28F4B} = {12E81B05-CA76-3DAB-8E8A-A55102A28F4B}
		{91B65AC8-1187-3828-86A8-FDEBF10A67C8} = {91B65AC8-1187-3828-86A8-FDEBF10A67C8}
	EndProjectSection
EndProject
Project("{8BC9CEB8-8B4A-11D0-8D11-00A0C91BC942}") = "App_PhysicsServer_SharedMemory_GUI", "examples\SharedMemory\App_PhysicsServer_SharedMemory_GUI.vcxproj", "{57CE4F14-4AD9-38FD-9347-513A2DC7DC76}"
	ProjectSection(ProjectDependencies) = postProject
		{349AFD47-BB9A-3F84-8B2D-CB74F73BCDD9} = {349AFD47-BB9A-3F84-8B2D-CB74F73BCDD9}
		{6595099D-7B85-3EAF-9462-0ADAE65B5942} = {6595099D-7B85-3EAF-9462-0ADAE65B5942}
		{56524BA4-042B-30BE-92E4-EECF6E467DEE} = {56524BA4-042B-30BE-92E4-EECF6E467DEE}
		{153DA842-8EBA-36E7-AB84-BFA55923891A} = {153DA842-8EBA-36E7-AB84-BFA55923891A}
		{8AF0B46F-D7A9-3594-8018-C5C6E632C571} = {8AF0B46F-D7A9-3594-8018-C5C6E632C571}
		{BA7B19A0-E4B5-3FF8-97D9-110B966B206A} = {BA7B19A0-E4B5-3FF8-97D9-110B966B206A}
		{AB3EFE20-8F74-39A5-8260-4658626B29FE} = {AB3EFE20-8F74-39A5-8260-4658626B29FE}
		{1AEEBBF7-4196-366F-8BEB-6DB119236508} = {1AEEBBF7-4196-366F-8BEB-6DB119236508}
		{12E81B05-CA76-3DAB-8E8A-A55102A28F4B} = {12E81B05-CA76-3DAB-8E8A-A55102A28F4B}
		{A68C10FE-8ADF-3142-B950-8244F6CF647A} = {A68C10FE-8ADF-3142-B950-8244F6CF647A}
		{91B65AC8-1187-3828-86A8-FDEBF10A67C8} = {91B65AC8-1187-3828-86A8-FDEBF10A67C8}
	EndProjectSection
EndProject
Project("{8BC9CEB8-8B4A-11D0-8D11-00A0C91BC942}") = "App_PhysicsServer_SharedMemory_VR", "examples\SharedMemory\App_PhysicsServer_SharedMemory_VR.vcxproj", "{B3A01E35-5F24-380A-967A-6486C77EEA42}"
	ProjectSection(ProjectDependencies) = postProject
		{349AFD47-BB9A-3F84-8B2D-CB74F73BCDD9} = {349AFD47-BB9A-3F84-8B2D-CB74F73BCDD9}
		{6595099D-7B85-3EAF-9462-0ADAE65B5942} = {6595099D-7B85-3EAF-9462-0ADAE65B5942}
		{56524BA4-042B-30BE-92E4-EECF6E467DEE} = {56524BA4-042B-30BE-92E4-EECF6E467DEE}
		{153DA842-8EBA-36E7-AB84-BFA55923891A} = {153DA842-8EBA-36E7-AB84-BFA55923891A}
		{8AF0B46F-D7A9-3594-8018-C5C6E632C571} = {8AF0B46F-D7A9-3594-8018-C5C6E632C571}
		{BA7B19A0-E4B5-3FF8-97D9-110B966B206A} = {BA7B19A0-E4B5-3FF8-97D9-110B966B206A}
		{AB3EFE20-8F74-39A5-8260-4658626B29FE} = {AB3EFE20-8F74-39A5-8260-4658626B29FE}
		{1AEEBBF7-4196-366F-8BEB-6DB119236508} = {1AEEBBF7-4196-366F-8BEB-6DB119236508}
		{12E81B05-CA76-3DAB-8E8A-A55102A28F4B} = {12E81B05-CA76-3DAB-8E8A-A55102A28F4B}
		{A68C10FE-8ADF-3142-B950-8244F6CF647A} = {A68C10FE-8ADF-3142-B950-8244F6CF647A}
		{91B65AC8-1187-3828-86A8-FDEBF10A67C8} = {91B65AC8-1187-3828-86A8-FDEBF10A67C8}
	EndProjectSection
EndProject
Project("{8BC9CEB8-8B4A-11D0-8D11-00A0C91BC942}") = "App_RobotSimulator", "examples\RobotSimulator\App_RobotSimulator.vcxproj", "{FC317F2E-D92E-3629-AAC5-B4C0C1E12666}"
	ProjectSection(ProjectDependencies) = postProject
		{349AFD47-BB9A-3F84-8B2D-CB74F73BCDD9} = {349AFD47-BB9A-3F84-8B2D-CB74F73BCDD9}
		{6595099D-7B85-3EAF-9462-0ADAE65B5942} = {6595099D-7B85-3EAF-9462-0ADAE65B5942}
		{56524BA4-042B-30BE-92E4-EECF6E467DEE} = {56524BA4-042B-30BE-92E4-EECF6E467DEE}
		{EDABFED6-5CEF-3F57-81CA-2F5B9064B439} = {EDABFED6-5CEF-3F57-81CA-2F5B9064B439}
		{153DA842-8EBA-36E7-AB84-BFA55923891A} = {153DA842-8EBA-36E7-AB84-BFA55923891A}
		{8AF0B46F-D7A9-3594-8018-C5C6E632C571} = {8AF0B46F-D7A9-3594-8018-C5C6E632C571}
		{BA7B19A0-E4B5-3FF8-97D9-110B966B206A} = {BA7B19A0-E4B5-3FF8-97D9-110B966B206A}
		{AE47A16B-52A1-30EF-96D8-46D6641F2DC4} = {AE47A16B-52A1-30EF-96D8-46D6641F2DC4}
		{AB3EFE20-8F74-39A5-8260-4658626B29FE} = {AB3EFE20-8F74-39A5-8260-4658626B29FE}
		{1AEEBBF7-4196-366F-8BEB-6DB119236508} = {1AEEBBF7-4196-366F-8BEB-6DB119236508}
		{12E81B05-CA76-3DAB-8E8A-A55102A28F4B} = {12E81B05-CA76-3DAB-8E8A-A55102A28F4B}
		{A68C10FE-8ADF-3142-B950-8244F6CF647A} = {A68C10FE-8ADF-3142-B950-8244F6CF647A}
		{91B65AC8-1187-3828-86A8-FDEBF10A67C8} = {91B65AC8-1187-3828-86A8-FDEBF10A67C8}
		{09691756-B191-3F38-B76F-BF0196FD9FD3} = {09691756-B191-3F38-B76F-BF0196FD9FD3}
	EndProjectSection
EndProject
Project("{8BC9CEB8-8B4A-11D0-8D11-00A0C91BC942}") = "App_obj2sdf", "Extras\obj2sdf\App_obj2sdf.vcxproj", "{2F9EBA17-882B-358D-B47E-6BA992224F5E}"
	ProjectSection(ProjectDependencies) = postProject
		{349AFD47-BB9A-3F84-8B2D-CB74F73BCDD9} = {349AFD47-BB9A-3F84-8B2D-CB74F73BCDD9}
		{91B65AC8-1187-3828-86A8-FDEBF10A67C8} = {91B65AC8-1187-3828-86A8-FDEBF10A67C8}
	EndProjectSection
EndProject
Project("{8BC9CEB8-8B4A-11D0-8D11-00A0C91BC942}") = "Bullet2FileLoader", "src\Bullet3Serialize\Bullet2FileLoader\Bullet2FileLoader.vcxproj", "{20CDDA9B-864C-31B6-A29B-86143AB4F92D}"
	ProjectSection(ProjectDependencies) = postProject
		{91B65AC8-1187-3828-86A8-FDEBF10A67C8} = {91B65AC8-1187-3828-86A8-FDEBF10A67C8}
	EndProjectSection
EndProject
Project("{8BC9CEB8-8B4A-11D0-8D11-00A0C91BC942}") = "Bullet3Collision", "src\Bullet3Collision\Bullet3Collision.vcxproj", "{710644EF-5364-39E3-B158-58BE246A6F49}"
	ProjectSection(ProjectDependencies) = postProject
		{91B65AC8-1187-3828-86A8-FDEBF10A67C8} = {91B65AC8-1187-3828-86A8-FDEBF10A67C8}
	EndProjectSection
EndProject
Project("{8BC9CEB8-8B4A-11D0-8D11-00A0C91BC942}") = "Bullet3Common", "src\Bullet3Common\Bullet3Common.vcxproj", "{349AFD47-BB9A-3F84-8B2D-CB74F73BCDD9}"
	ProjectSection(ProjectDependencies) = postProject
		{91B65AC8-1187-3828-86A8-FDEBF10A67C8} = {91B65AC8-1187-3828-86A8-FDEBF10A67C8}
	EndProjectSection
EndProject
Project("{8BC9CEB8-8B4A-11D0-8D11-00A0C91BC942}") = "Bullet3Dynamics", "src\Bullet3Dynamics\Bullet3Dynamics.vcxproj", "{5003AB61-DD72-3B29-96CB-137DC3232BAB}"
	ProjectSection(ProjectDependencies) = postProject
		{91B65AC8-1187-3828-86A8-FDEBF10A67C8} = {91B65AC8-1187-3828-86A8-FDEBF10A67C8}
	EndProjectSection
EndProject
Project("{8BC9CEB8-8B4A-11D0-8D11-00A0C91BC942}") = "Bullet3Geometry", "src\Bullet3Geometry\Bullet3Geometry.vcxproj", "{547322FD-0409-3DF5-9EFC-D568C057A5E1}"
	ProjectSection(ProjectDependencies) = postProject
		{91B65AC8-1187-3828-86A8-FDEBF10A67C8} = {91B65AC8-1187-3828-86A8-FDEBF10A67C8}
	EndProjectSection
EndProject
Project("{8BC9CEB8-8B4A-11D0-8D11-00A0C91BC942}") = "Bullet3OpenCL_clew", "src\Bullet3OpenCL\Bullet3OpenCL_clew.vcxproj", "{C9167E32-ABCD-372D-8FB6-5E22F3D6C6CC}"
	ProjectSection(ProjectDependencies) = postProject
		{91B65AC8-1187-3828-86A8-FDEBF10A67C8} = {91B65AC8-1187-3828-86A8-FDEBF10A67C8}
	EndProjectSection
EndProject
Project("{8BC9CEB8-8B4A-11D0-8D11-00A0C91BC942}") = "BulletCollision", "src\BulletCollision\BulletCollision.vcxproj", "{6595099D-7B85-3EAF-9462-0ADAE65B5942}"
	ProjectSection(ProjectDependencies) = postProject
		{91B65AC8-1187-3828-86A8-FDEBF10A67C8} = {91B65AC8-1187-3828-86A8-FDEBF10A67C8}
	EndProjectSection
EndProject
Project("{8BC9CEB8-8B4A-11D0-8D11-00A0C91BC942}") = "BulletDynamics", "src\BulletDynamics\BulletDynamics.vcxproj", "{56524BA4-042B-30BE-92E4-EECF6E467DEE}"
	ProjectSection(ProjectDependencies) = postProject
		{91B65AC8-1187-3828-86A8-FDEBF10A67C8} = {91B65AC8-1187-3828-86A8-FDEBF10A67C8}
	EndProjectSection
EndProject
Project("{8BC9CEB8-8B4A-11D0-8D11-00A0C91BC942}") = "BulletExampleBrowserLib", "examples\ExampleBrowser\BulletExampleBrowserLib.vcxproj", "{EDABFED6-5CEF-3F57-81CA-2F5B9064B439}"
	ProjectSection(ProjectDependencies) = postProject
		{91B65AC8-1187-3828-86A8-FDEBF10A67C8} = {91B65AC8-1187-3828-86A8-FDEBF10A67C8}
	EndProjectSection
EndProject
Project("{8BC9CEB8-8B4A-11D0-8D11-00A0C91BC942}") = "BulletFileLoader", "Extras\Serialize\BulletFileLoader\BulletFileLoader.vcxproj", "{153DA842-8EBA-36E7-AB84-BFA55923891A}"
	ProjectSection(ProjectDependencies) = postProject
		{91B65AC8-1187-3828-86A8-FDEBF10A67C8} = {91B65AC8-1187-3828-86A8-FDEBF10A67C8}
	EndProjectSection
EndProject
Project("{8BC9CEB8-8B4A-11D0-8D11-00A0C91BC942}") = "BulletInverseDynamics", "src\BulletInverseDynamics\BulletInverseDynamics.vcxproj", "{8AF0B46F-D7A9-3594-8018-C5C6E632C571}"
	ProjectSection(ProjectDependencies) = postProject
		{91B65AC8-1187-3828-86A8-FDEBF10A67C8} = {91B65AC8-1187-3828-86A8-FDEBF10A67C8}
	EndProjectSection
EndProject
Project("{8BC9CEB8-8B4A-11D0-8D11-00A0C91BC942}") = "BulletInverseDynamicsUtils", "Extras\InverseDynamics\BulletInverseDynamicsUtils.vcxproj", "{BA7B19A0-E4B5-3FF8-97D9-110B966B206A}"
	ProjectSection(ProjectDependencies) = postProject
		{91B65AC8-1187-3828-86A8-FDEBF10A67C8} = {91B65AC8-1187-3828-86A8-FDEBF10A67C8}
	EndProjectSection
EndProject
Project("{8BC9CEB8-8B4A-11D0-8D11-00A0C91BC942}") = "BulletRobotics", "Extras\BulletRobotics\BulletRobotics.vcxproj", "{EA6EB488-0259-3A24-B303-D97D242D7C82}"
	ProjectSection(ProjectDependencies) = postProject
		{91B65AC8-1187-3828-86A8-FDEBF10A67C8} = {91B65AC8-1187-3828-86A8-FDEBF10A67C8}
	EndProjectSection
EndProject
Project("{8BC9CEB8-8B4A-11D0-8D11-00A0C91BC942}") = "BulletSoftBody", "src\BulletSoftBody\BulletSoftBody.vcxproj", "{AE47A16B-52A1-30EF-96D8-46D6641F2DC4}"
	ProjectSection(ProjectDependencies) = postProject
		{91B65AC8-1187-3828-86A8-FDEBF10A67C8} = {91B65AC8-1187-3828-86A8-FDEBF10A67C8}
	EndProjectSection
EndProject
Project("{8BC9CEB8-8B4A-11D0-8D11-00A0C91BC942}") = "BulletWorldImporter", "Extras\Serialize\BulletWorldImporter\BulletWorldImporter.vcxproj", "{AB3EFE20-8F74-39A5-8260-4658626B29FE}"
	ProjectSection(ProjectDependencies) = postProject
		{91B65AC8-1187-3828-86A8-FDEBF10A67C8} = {91B65AC8-1187-3828-86A8-FDEBF10A67C8}
	EndProjectSection
EndProject
Project("{8BC9CEB8-8B4A-11D0-8D11-00A0C91BC942}") = "BulletXmlWorldImporter", "Extras\Serialize\BulletXmlWorldImporter\BulletXmlWorldImporter.vcxproj", "{CC8F575C-80F5-3477-A4E5-9A5DCE1399DB}"
	ProjectSection(ProjectDependencies) = postProject
		{91B65AC8-1187-3828-86A8-FDEBF10A67C8} = {91B65AC8-1187-3828-86A8-FDEBF10A67C8}
	EndProjectSection
EndProject
Project("{8BC9CEB8-8B4A-11D0-8D11-00A0C91BC942}") = "BussIK", "examples\ThirdPartyLibs\BussIK\BussIK.vcxproj", "{1AEEBBF7-4196-366F-8BEB-6DB119236508}"
	ProjectSection(ProjectDependencies) = postProject
		{91B65AC8-1187-3828-86A8-FDEBF10A67C8} = {91B65AC8-1187-3828-86A8-FDEBF10A67C8}
	EndProjectSection
EndProject
Project("{8BC9CEB8-8B4A-11D0-8D11-00A0C91BC942}") = "ConvexDecomposition", "Extras\ConvexDecomposition\ConvexDecomposition.vcxproj", "{87831B9A-31A1-3293-87D3-4434A6126791}"
	ProjectSection(ProjectDependencies) = postProject
		{91B65AC8-1187-3828-86A8-FDEBF10A67C8} = {91B65AC8-1187-3828-86A8-FDEBF10A67C8}
	EndProjectSection
EndProject
Project("{8BC9CEB8-8B4A-11D0-8D11-00A0C91BC942}") = "GIMPACTUtils", "Extras\GIMPACTUtils\GIMPACTUtils.vcxproj", "{74E66E0B-4C80-356A-885B-2A72CD7537A3}"
	ProjectSection(ProjectDependencies) = postProject
		{91B65AC8-1187-3828-86A8-FDEBF10A67C8} = {91B65AC8-1187-3828-86A8-FDEBF10A67C8}
	EndProjectSection
EndProject
Project("{8BC9CEB8-8B4A-11D0-8D11-00A0C91BC942}") = "HACD", "Extras\HACD\HACD.vcxproj", "{42142EF1-1732-359F-951B-B1090F17CD73}"
	ProjectSection(ProjectDependencies) = postProject
		{91B65AC8-1187-3828-86A8-FDEBF10A67C8} = {91B65AC8-1187-3828-86A8-FDEBF10A67C8}
	EndProjectSection
EndProject
Project("{8BC9CEB8-8B4A-11D0-8D11-00A0C91BC942}") = "INSTALL", "INSTALL.vcxproj", "{BC115C17-AF80-3F49-A178-B032D9E3BEA4}"
	ProjectSection(ProjectDependencies) = postProject
		{2A3E0C04-B9BE-3DBF-BA9A-FE41DD3A0F97} = {2A3E0C04-B9BE-3DBF-BA9A-FE41DD3A0F97}
		{91B65AC8-1187-3828-86A8-FDEBF10A67C8} = {91B65AC8-1187-3828-86A8-FDEBF10A67C8}
	EndProjectSection
EndProject
Project("{8BC9CEB8-8B4A-11D0-8D11-00A0C91BC942}") = "LinearMath", "src\LinearMath\LinearMath.vcxproj", "{12E81B05-CA76-3DAB-8E8A-A55102A28F4B}"
	ProjectSection(ProjectDependencies) = postProject
		{91B65AC8-1187-3828-86A8-FDEBF10A67C8} = {91B65AC8-1187-3828-86A8-FDEBF10A67C8}
	EndProjectSection
EndProject
Project("{8BC9CEB8-8B4A-11D0-8D11-00A0C91BC942}") = "OpenGLWindow", "examples\OpenGLWindow\OpenGLWindow.vcxproj", "{A68C10FE-8ADF-3142-B950-8244F6CF647A}"
	ProjectSection(ProjectDependencies) = postProject
		{91B65AC8-1187-3828-86A8-FDEBF10A67C8} = {91B65AC8-1187-3828-86A8-FDEBF10A67C8}
	EndProjectSection
EndProject
Project("{8BC9CEB8-8B4A-11D0-8D11-00A0C91BC942}") = "RUN_TESTS", "RUN_TESTS.vcxproj", "{7F69165E-3E08-33BC-91DF-4EF80681D021}"
	ProjectSection(ProjectDependencies) = postProject
		{91B65AC8-1187-3828-86A8-FDEBF10A67C8} = {91B65AC8-1187-3828-86A8-FDEBF10A67C8}
	EndProjectSection
EndProject
Project("{8BC9CEB8-8B4A-11D0-8D11-00A0C91BC942}") = "Test_BulletDynamics", "test\BulletDynamics\pendulum\Test_BulletDynamics.vcxproj", "{8219B90F-BD61-3B4A-A5C9-113E1B3D63CF}"
	ProjectSection(ProjectDependencies) = postProject
		{6595099D-7B85-3EAF-9462-0ADAE65B5942} = {6595099D-7B85-3EAF-9462-0ADAE65B5942}
		{56524BA4-042B-30BE-92E4-EECF6E467DEE} = {56524BA4-042B-30BE-92E4-EECF6E467DEE}
		{12E81B05-CA76-3DAB-8E8A-A55102A28F4B} = {12E81B05-CA76-3DAB-8E8A-A55102A28F4B}
		{91B65AC8-1187-3828-86A8-FDEBF10A67C8} = {91B65AC8-1187-3828-86A8-FDEBF10A67C8}
		{DC3B6D83-5D73-337E-B8A1-0FE16068E2B1} = {DC3B6D83-5D73-337E-B8A1-0FE16068E2B1}
	EndProjectSection
EndProject
Project("{8BC9CEB8-8B4A-11D0-8D11-00A0C91BC942}") = "Test_BulletInverseDynamics", "test\InverseDynamics\Test_BulletInverseDynamics.vcxproj", "{812B77EF-1F65-3261-8614-2500725C1A39}"
	ProjectSection(ProjectDependencies) = postProject
		{349AFD47-BB9A-3F84-8B2D-CB74F73BCDD9} = {349AFD47-BB9A-3F84-8B2D-CB74F73BCDD9}
		{6595099D-7B85-3EAF-9462-0ADAE65B5942} = {6595099D-7B85-3EAF-9462-0ADAE65B5942}
		{56524BA4-042B-30BE-92E4-EECF6E467DEE} = {56524BA4-042B-30BE-92E4-EECF6E467DEE}
		{8AF0B46F-D7A9-3594-8018-C5C6E632C571} = {8AF0B46F-D7A9-3594-8018-C5C6E632C571}
		{BA7B19A0-E4B5-3FF8-97D9-110B966B206A} = {BA7B19A0-E4B5-3FF8-97D9-110B966B206A}
		{12E81B05-CA76-3DAB-8E8A-A55102A28F4B} = {12E81B05-CA76-3DAB-8E8A-A55102A28F4B}
		{91B65AC8-1187-3828-86A8-FDEBF10A67C8} = {91B65AC8-1187-3828-86A8-FDEBF10A67C8}
		{DC3B6D83-5D73-337E-B8A1-0FE16068E2B1} = {DC3B6D83-5D73-337E-B8A1-0FE16068E2B1}
	EndProjectSection
EndProject
Project("{8BC9CEB8-8B4A-11D0-8D11-00A0C91BC942}") = "Test_BulletInverseDynamicsJacobian", "test\InverseDynamics\Test_BulletInverseDynamicsJacobian.vcxproj", "{C8E1C368-ADED-33F5-997A-DA9316C5498B}"
	ProjectSection(ProjectDependencies) = postProject
		{349AFD47-BB9A-3F84-8B2D-CB74F73BCDD9} = {349AFD47-BB9A-3F84-8B2D-CB74F73BCDD9}
		{8AF0B46F-D7A9-3594-8018-C5C6E632C571} = {8AF0B46F-D7A9-3594-8018-C5C6E632C571}
		{BA7B19A0-E4B5-3FF8-97D9-110B966B206A} = {BA7B19A0-E4B5-3FF8-97D9-110B966B206A}
		{12E81B05-CA76-3DAB-8E8A-A55102A28F4B} = {12E81B05-CA76-3DAB-8E8A-A55102A28F4B}
		{91B65AC8-1187-3828-86A8-FDEBF10A67C8} = {91B65AC8-1187-3828-86A8-FDEBF10A67C8}
		{DC3B6D83-5D73-337E-B8A1-0FE16068E2B1} = {DC3B6D83-5D73-337E-B8A1-0FE16068E2B1}
	EndProjectSection
EndProject
Project("{8BC9CEB8-8B4A-11D0-8D11-00A0C91BC942}") = "Test_BulletInverseForwardDynamics", "test\InverseDynamics\Test_BulletInverseForwardDynamics.vcxproj", "{6FE83404-A270-3874-B7A9-ECF38EA51FE5}"
	ProjectSection(ProjectDependencies) = postProject
		{349AFD47-BB9A-3F84-8B2D-CB74F73BCDD9} = {349AFD47-BB9A-3F84-8B2D-CB74F73BCDD9}
		{6595099D-7B85-3EAF-9462-0ADAE65B5942} = {6595099D-7B85-3EAF-9462-0ADAE65B5942}
		{56524BA4-042B-30BE-92E4-EECF6E467DEE} = {56524BA4-042B-30BE-92E4-EECF6E467DEE}
		{8AF0B46F-D7A9-3594-8018-C5C6E632C571} = {8AF0B46F-D7A9-3594-8018-C5C6E632C571}
		{BA7B19A0-E4B5-3FF8-97D9-110B966B206A} = {BA7B19A0-E4B5-3FF8-97D9-110B966B206A}
		{12E81B05-CA76-3DAB-8E8A-A55102A28F4B} = {12E81B05-CA76-3DAB-8E8A-A55102A28F4B}
		{91B65AC8-1187-3828-86A8-FDEBF10A67C8} = {91B65AC8-1187-3828-86A8-FDEBF10A67C8}
		{DC3B6D83-5D73-337E-B8A1-0FE16068E2B1} = {DC3B6D83-5D73-337E-B8A1-0FE16068E2B1}
	EndProjectSection
EndProject
Project("{8BC9CEB8-8B4A-11D0-8D11-00A0C91BC942}") = "Test_Collision", "test\collision\Test_Collision.vcxproj", "{4F3E1EF9-3F21-3021-B517-D4368DB8297B}"
	ProjectSection(ProjectDependencies) = postProject
		{12E81B05-CA76-3DAB-8E8A-A55102A28F4B} = {12E81B05-CA76-3DAB-8E8A-A55102A28F4B}
		{91B65AC8-1187-3828-86A8-FDEBF10A67C8} = {91B65AC8-1187-3828-86A8-FDEBF10A67C8}
		{DC3B6D83-5D73-337E-B8A1-0FE16068E2B1} = {DC3B6D83-5D73-337E-B8A1-0FE16068E2B1}
	EndProjectSection
EndProject
Project("{8BC9CEB8-8B4A-11D0-8D11-00A0C91BC942}") = "Test_PhysicsClientServer", "test\SharedMemory\Test_PhysicsClientServer.vcxproj", "{8594B04C-A004-35A3-8984-0E8D9A90B254}"
	ProjectSection(ProjectDependencies) = postProject
		{349AFD47-BB9A-3F84-8B2D-CB74F73BCDD9} = {349AFD47-BB9A-3F84-8B2D-CB74F73BCDD9}
		{6595099D-7B85-3EAF-9462-0ADAE65B5942} = {6595099D-7B85-3EAF-9462-0ADAE65B5942}
		{56524BA4-042B-30BE-92E4-EECF6E467DEE} = {56524BA4-042B-30BE-92E4-EECF6E467DEE}
		{153DA842-8EBA-36E7-AB84-BFA55923891A} = {153DA842-8EBA-36E7-AB84-BFA55923891A}
		{8AF0B46F-D7A9-3594-8018-C5C6E632C571} = {8AF0B46F-D7A9-3594-8018-C5C6E632C571}
		{BA7B19A0-E4B5-3FF8-97D9-110B966B206A} = {BA7B19A0-E4B5-3FF8-97D9-110B966B206A}
		{AB3EFE20-8F74-39A5-8260-4658626B29FE} = {AB3EFE20-8F74-39A5-8260-4658626B29FE}
		{1AEEBBF7-4196-366F-8BEB-6DB119236508} = {1AEEBBF7-4196-366F-8BEB-6DB119236508}
		{12E81B05-CA76-3DAB-8E8A-A55102A28F4B} = {12E81B05-CA76-3DAB-8E8A-A55102A28F4B}
		{91B65AC8-1187-3828-86A8-FDEBF10A67C8} = {91B65AC8-1187-3828-86A8-FDEBF10A67C8}
		{DC3B6D83-5D73-337E-B8A1-0FE16068E2B1} = {DC3B6D83-5D73-337E-B8A1-0FE16068E2B1}
	EndProjectSection
EndProject
Project("{8BC9CEB8-8B4A-11D0-8D11-00A0C91BC942}") = "Test_btKinematicCharacterController", "test\BulletDynamics\Test_btKinematicCharacterController.vcxproj", "{5E4FCA30-DA2C-3E28-B4B4-B79F949F6B8D}"
	ProjectSection(ProjectDependencies) = postProject
		{6595099D-7B85-3EAF-9462-0ADAE65B5942} = {6595099D-7B85-3EAF-9462-0ADAE65B5942}
		{56524BA4-042B-30BE-92E4-EECF6E467DEE} = {56524BA4-042B-30BE-92E4-EECF6E467DEE}
		{12E81B05-CA76-3DAB-8E8A-A55102A28F4B} = {12E81B05-CA76-3DAB-8E8A-A55102A28F4B}
		{91B65AC8-1187-3828-86A8-FDEBF10A67C8} = {91B65AC8-1187-3828-86A8-FDEBF10A67C8}
		{DC3B6D83-5D73-337E-B8A1-0FE16068E2B1} = {DC3B6D83-5D73-337E-B8A1-0FE16068E2B1}
	EndProjectSection
EndProject
Project("{8BC9CEB8-8B4A-11D0-8D11-00A0C91BC942}") = "ZERO_CHECK", "ZERO_CHECK.vcxproj", "{91B65AC8-1187-3828-86A8-FDEBF10A67C8}"
	ProjectSection(ProjectDependencies) = postProject
	EndProjectSection
EndProject
Project("{8BC9CEB8-8B4A-11D0-8D11-00A0C91BC942}") = "clsocket", "examples\ThirdPartyLibs\clsocket\clsocket.vcxproj", "{7456D717-6C95-3FB9-AB18-53C0087A3ED0}"
	ProjectSection(ProjectDependencies) = postProject
		{91B65AC8-1187-3828-86A8-FDEBF10A67C8} = {91B65AC8-1187-3828-86A8-FDEBF10A67C8}
	EndProjectSection
EndProject
Project("{8BC9CEB8-8B4A-11D0-8D11-00A0C91BC942}") = "gtest", "test\gtest-1.7.0\gtest.vcxproj", "{DC3B6D83-5D73-337E-B8A1-0FE16068E2B1}"
	ProjectSection(ProjectDependencies) = postProject
		{91B65AC8-1187-3828-86A8-FDEBF10A67C8} = {91B65AC8-1187-3828-86A8-FDEBF10A67C8}
	EndProjectSection
EndProject
Project("{8BC9CEB8-8B4A-11D0-8D11-00A0C91BC942}") = "gwen", "examples\ThirdPartyLibs\Gwen\gwen.vcxproj", "{09691756-B191-3F38-B76F-BF0196FD9FD3}"
	ProjectSection(ProjectDependencies) = postProject
		{91B65AC8-1187-3828-86A8-FDEBF10A67C8} = {91B65AC8-1187-3828-86A8-FDEBF10A67C8}
	EndProjectSection
EndProject
Global
	GlobalSection(SolutionConfigurationPlatforms) = preSolution
		Debug|x64 = Debug|x64
		Release|x64 = Release|x64
		MinSizeRel|x64 = MinSizeRel|x64
		RelWithDebInfo|x64 = RelWithDebInfo|x64
	EndGlobalSection
	GlobalSection(ProjectConfigurationPlatforms) = postSolution
		{2A3E0C04-B9BE-3DBF-BA9A-FE41DD3A0F97}.Debug|x64.ActiveCfg = Debug|x64
		{2A3E0C04-B9BE-3DBF-BA9A-FE41DD3A0F97}.Debug|x64.Build.0 = Debug|x64
		{2A3E0C04-B9BE-3DBF-BA9A-FE41DD3A0F97}.Release|x64.ActiveCfg = Release|x64
		{2A3E0C04-B9BE-3DBF-BA9A-FE41DD3A0F97}.Release|x64.Build.0 = Release|x64
		{2A3E0C04-B9BE-3DBF-BA9A-FE41DD3A0F97}.MinSizeRel|x64.ActiveCfg = MinSizeRel|x64
		{2A3E0C04-B9BE-3DBF-BA9A-FE41DD3A0F97}.MinSizeRel|x64.Build.0 = MinSizeRel|x64
		{2A3E0C04-B9BE-3DBF-BA9A-FE41DD3A0F97}.RelWithDebInfo|x64.ActiveCfg = RelWithDebInfo|x64
		{2A3E0C04-B9BE-3DBF-BA9A-FE41DD3A0F97}.RelWithDebInfo|x64.Build.0 = RelWithDebInfo|x64
		{CB015DCC-8BD1-3EC2-A947-82E705CE89BB}.Debug|x64.ActiveCfg = Debug|x64
		{CB015DCC-8BD1-3EC2-A947-82E705CE89BB}.Debug|x64.Build.0 = Debug|x64
		{CB015DCC-8BD1-3EC2-A947-82E705CE89BB}.Release|x64.ActiveCfg = Release|x64
		{CB015DCC-8BD1-3EC2-A947-82E705CE89BB}.Release|x64.Build.0 = Release|x64
		{CB015DCC-8BD1-3EC2-A947-82E705CE89BB}.MinSizeRel|x64.ActiveCfg = MinSizeRel|x64
		{CB015DCC-8BD1-3EC2-A947-82E705CE89BB}.MinSizeRel|x64.Build.0 = MinSizeRel|x64
		{CB015DCC-8BD1-3EC2-A947-82E705CE89BB}.RelWithDebInfo|x64.ActiveCfg = RelWithDebInfo|x64
		{CB015DCC-8BD1-3EC2-A947-82E705CE89BB}.RelWithDebInfo|x64.Build.0 = RelWithDebInfo|x64
		{AF2FBAB6-DC1F-3626-A886-84C6419D2C26}.Debug|x64.ActiveCfg = Debug|x64
		{AF2FBAB6-DC1F-3626-A886-84C6419D2C26}.Debug|x64.Build.0 = Debug|x64
		{AF2FBAB6-DC1F-3626-A886-84C6419D2C26}.Release|x64.ActiveCfg = Release|x64
		{AF2FBAB6-DC1F-3626-A886-84C6419D2C26}.Release|x64.Build.0 = Release|x64
		{AF2FBAB6-DC1F-3626-A886-84C6419D2C26}.MinSizeRel|x64.ActiveCfg = MinSizeRel|x64
		{AF2FBAB6-DC1F-3626-A886-84C6419D2C26}.MinSizeRel|x64.Build.0 = MinSizeRel|x64
		{AF2FBAB6-DC1F-3626-A886-84C6419D2C26}.RelWithDebInfo|x64.ActiveCfg = RelWithDebInfo|x64
		{AF2FBAB6-DC1F-3626-A886-84C6419D2C26}.RelWithDebInfo|x64.Build.0 = RelWithDebInfo|x64
		{20E899C6-FADD-3967-AD37-8E72EF4B7D57}.Debug|x64.ActiveCfg = Debug|x64
		{20E899C6-FADD-3967-AD37-8E72EF4B7D57}.Debug|x64.Build.0 = Debug|x64
		{20E899C6-FADD-3967-AD37-8E72EF4B7D57}.Release|x64.ActiveCfg = Release|x64
		{20E899C6-FADD-3967-AD37-8E72EF4B7D57}.Release|x64.Build.0 = Release|x64
		{20E899C6-FADD-3967-AD37-8E72EF4B7D57}.MinSizeRel|x64.ActiveCfg = MinSizeRel|x64
		{20E899C6-FADD-3967-AD37-8E72EF4B7D57}.MinSizeRel|x64.Build.0 = MinSizeRel|x64
		{20E899C6-FADD-3967-AD37-8E72EF4B7D57}.RelWithDebInfo|x64.ActiveCfg = RelWithDebInfo|x64
		{20E899C6-FADD-3967-AD37-8E72EF4B7D57}.RelWithDebInfo|x64.Build.0 = RelWithDebInfo|x64
		{1D26C6AB-8010-3925-8124-E41C272B6F68}.Debug|x64.ActiveCfg = Debug|x64
		{1D26C6AB-8010-3925-8124-E41C272B6F68}.Debug|x64.Build.0 = Debug|x64
		{1D26C6AB-8010-3925-8124-E41C272B6F68}.Release|x64.ActiveCfg = Release|x64
		{1D26C6AB-8010-3925-8124-E41C272B6F68}.Release|x64.Build.0 = Release|x64
		{1D26C6AB-8010-3925-8124-E41C272B6F68}.MinSizeRel|x64.ActiveCfg = MinSizeRel|x64
		{1D26C6AB-8010-3925-8124-E41C272B6F68}.MinSizeRel|x64.Build.0 = MinSizeRel|x64
		{1D26C6AB-8010-3925-8124-E41C272B6F68}.RelWithDebInfo|x64.ActiveCfg = RelWithDebInfo|x64
		{1D26C6AB-8010-3925-8124-E41C272B6F68}.RelWithDebInfo|x64.Build.0 = RelWithDebInfo|x64
		{D02B6787-846C-3669-86F8-C202D8ECBFF0}.Debug|x64.ActiveCfg = Debug|x64
		{D02B6787-846C-3669-86F8-C202D8ECBFF0}.Debug|x64.Build.0 = Debug|x64
		{D02B6787-846C-3669-86F8-C202D8ECBFF0}.Release|x64.ActiveCfg = Release|x64
		{D02B6787-846C-3669-86F8-C202D8ECBFF0}.Release|x64.Build.0 = Release|x64
		{D02B6787-846C-3669-86F8-C202D8ECBFF0}.MinSizeRel|x64.ActiveCfg = MinSizeRel|x64
		{D02B6787-846C-3669-86F8-C202D8ECBFF0}.MinSizeRel|x64.Build.0 = MinSizeRel|x64
		{D02B6787-846C-3669-86F8-C202D8ECBFF0}.RelWithDebInfo|x64.ActiveCfg = RelWithDebInfo|x64
		{D02B6787-846C-3669-86F8-C202D8ECBFF0}.RelWithDebInfo|x64.Build.0 = RelWithDebInfo|x64
		{57CE4F14-4AD9-38FD-9347-513A2DC7DC76}.Debug|x64.ActiveCfg = Debug|x64
		{57CE4F14-4AD9-38FD-9347-513A2DC7DC76}.Debug|x64.Build.0 = Debug|x64
		{57CE4F14-4AD9-38FD-9347-513A2DC7DC76}.Release|x64.ActiveCfg = Release|x64
		{57CE4F14-4AD9-38FD-9347-513A2DC7DC76}.Release|x64.Build.0 = Release|x64
		{57CE4F14-4AD9-38FD-9347-513A2DC7DC76}.MinSizeRel|x64.ActiveCfg = MinSizeRel|x64
		{57CE4F14-4AD9-38FD-9347-513A2DC7DC76}.MinSizeRel|x64.Build.0 = MinSizeRel|x64
		{57CE4F14-4AD9-38FD-9347-513A2DC7DC76}.RelWithDebInfo|x64.ActiveCfg = RelWithDebInfo|x64
		{57CE4F14-4AD9-38FD-9347-513A2DC7DC76}.RelWithDebInfo|x64.Build.0 = RelWithDebInfo|x64
		{B3A01E35-5F24-380A-967A-6486C77EEA42}.Debug|x64.ActiveCfg = Debug|x64
		{B3A01E35-5F24-380A-967A-6486C77EEA42}.Debug|x64.Build.0 = Debug|x64
		{B3A01E35-5F24-380A-967A-6486C77EEA42}.Release|x64.ActiveCfg = Release|x64
		{B3A01E35-5F24-380A-967A-6486C77EEA42}.Release|x64.Build.0 = Release|x64
		{B3A01E35-5F24-380A-967A-6486C77EEA42}.MinSizeRel|x64.ActiveCfg = MinSizeRel|x64
		{B3A01E35-5F24-380A-967A-6486C77EEA42}.MinSizeRel|x64.Build.0 = MinSizeRel|x64
		{B3A01E35-5F24-380A-967A-6486C77EEA42}.RelWithDebInfo|x64.ActiveCfg = RelWithDebInfo|x64
		{B3A01E35-5F24-380A-967A-6486C77EEA42}.RelWithDebInfo|x64.Build.0 = RelWithDebInfo|x64
		{FC317F2E-D92E-3629-AAC5-B4C0C1E12666}.Debug|x64.ActiveCfg = Debug|x64
		{FC317F2E-D92E-3629-AAC5-B4C0C1E12666}.Debug|x64.Build.0 = Debug|x64
		{FC317F2E-D92E-3629-AAC5-B4C0C1E12666}.Release|x64.ActiveCfg = Release|x64
		{FC317F2E-D92E-3629-AAC5-B4C0C1E12666}.Release|x64.Build.0 = Release|x64
		{FC317F2E-D92E-3629-AAC5-B4C0C1E12666}.MinSizeRel|x64.ActiveCfg = MinSizeRel|x64
		{FC317F2E-D92E-3629-AAC5-B4C0C1E12666}.MinSizeRel|x64.Build.0 = MinSizeRel|x64
		{FC317F2E-D92E-3629-AAC5-B4C0C1E12666}.RelWithDebInfo|x64.ActiveCfg = RelWithDebInfo|x64
		{FC317F2E-D92E-3629-AAC5-B4C0C1E12666}.RelWithDebInfo|x64.Build.0 = RelWithDebInfo|x64
		{2F9EBA17-882B-358D-B47E-6BA992224F5E}.Debug|x64.ActiveCfg = Debug|x64
		{2F9EBA17-882B-358D-B47E-6BA992224F5E}.Debug|x64.Build.0 = Debug|x64
		{2F9EBA17-882B-358D-B47E-6BA992224F5E}.Release|x64.ActiveCfg = Release|x64
		{2F9EBA17-882B-358D-B47E-6BA992224F5E}.Release|x64.Build.0 = Release|x64
		{2F9EBA17-882B-358D-B47E-6BA992224F5E}.MinSizeRel|x64.ActiveCfg = MinSizeRel|x64
		{2F9EBA17-882B-358D-B47E-6BA992224F5E}.MinSizeRel|x64.Build.0 = MinSizeRel|x64
		{2F9EBA17-882B-358D-B47E-6BA992224F5E}.RelWithDebInfo|x64.ActiveCfg = RelWithDebInfo|x64
		{2F9EBA17-882B-358D-B47E-6BA992224F5E}.RelWithDebInfo|x64.Build.0 = RelWithDebInfo|x64
		{20CDDA9B-864C-31B6-A29B-86143AB4F92D}.Debug|x64.ActiveCfg = Debug|x64
		{20CDDA9B-864C-31B6-A29B-86143AB4F92D}.Debug|x64.Build.0 = Debug|x64
		{20CDDA9B-864C-31B6-A29B-86143AB4F92D}.Release|x64.ActiveCfg = Release|x64
		{20CDDA9B-864C-31B6-A29B-86143AB4F92D}.Release|x64.Build.0 = Release|x64
		{20CDDA9B-864C-31B6-A29B-86143AB4F92D}.MinSizeRel|x64.ActiveCfg = MinSizeRel|x64
		{20CDDA9B-864C-31B6-A29B-86143AB4F92D}.MinSizeRel|x64.Build.0 = MinSizeRel|x64
		{20CDDA9B-864C-31B6-A29B-86143AB4F92D}.RelWithDebInfo|x64.ActiveCfg = RelWithDebInfo|x64
		{20CDDA9B-864C-31B6-A29B-86143AB4F92D}.RelWithDebInfo|x64.Build.0 = RelWithDebInfo|x64
		{710644EF-5364-39E3-B158-58BE246A6F49}.Debug|x64.ActiveCfg = Debug|x64
		{710644EF-5364-39E3-B158-58BE246A6F49}.Debug|x64.Build.0 = Debug|x64
		{710644EF-5364-39E3-B158-58BE246A6F49}.Release|x64.ActiveCfg = Release|x64
		{710644EF-5364-39E3-B158-58BE246A6F49}.Release|x64.Build.0 = Release|x64
		{710644EF-5364-39E3-B158-58BE246A6F49}.MinSizeRel|x64.ActiveCfg = MinSizeRel|x64
		{710644EF-5364-39E3-B158-58BE246A6F49}.MinSizeRel|x64.Build.0 = MinSizeRel|x64
		{710644EF-5364-39E3-B158-58BE246A6F49}.RelWithDebInfo|x64.ActiveCfg = RelWithDebInfo|x64
		{710644EF-5364-39E3-B158-58BE246A6F49}.RelWithDebInfo|x64.Build.0 = RelWithDebInfo|x64
		{349AFD47-BB9A-3F84-8B2D-CB74F73BCDD9}.Debug|x64.ActiveCfg = Debug|x64
		{349AFD47-BB9A-3F84-8B2D-CB74F73BCDD9}.Debug|x64.Build.0 = Debug|x64
		{349AFD47-BB9A-3F84-8B2D-CB74F73BCDD9}.Release|x64.ActiveCfg = Release|x64
		{349AFD47-BB9A-3F84-8B2D-CB74F73BCDD9}.Release|x64.Build.0 = Release|x64
		{349AFD47-BB9A-3F84-8B2D-CB74F73BCDD9}.MinSizeRel|x64.ActiveCfg = MinSizeRel|x64
		{349AFD47-BB9A-3F84-8B2D-CB74F73BCDD9}.MinSizeRel|x64.Build.0 = MinSizeRel|x64
		{349AFD47-BB9A-3F84-8B2D-CB74F73BCDD9}.RelWithDebInfo|x64.ActiveCfg = RelWithDebInfo|x64
		{349AFD47-BB9A-3F84-8B2D-CB74F73BCDD9}.RelWithDebInfo|x64.Build.0 = RelWithDebInfo|x64
		{5003AB61-DD72-3B29-96CB-137DC3232BAB}.Debug|x64.ActiveCfg = Debug|x64
		{5003AB61-DD72-3B29-96CB-137DC3232BAB}.Debug|x64.Build.0 = Debug|x64
		{5003AB61-DD72-3B29-96CB-137DC3232BAB}.Release|x64.ActiveCfg = Release|x64
		{5003AB61-DD72-3B29-96CB-137DC3232BAB}.Release|x64.Build.0 = Release|x64
		{5003AB61-DD72-3B29-96CB-137DC3232BAB}.MinSizeRel|x64.ActiveCfg = MinSizeRel|x64
		{5003AB61-DD72-3B29-96CB-137DC3232BAB}.MinSizeRel|x64.Build.0 = MinSizeRel|x64
		{5003AB61-DD72-3B29-96CB-137DC3232BAB}.RelWithDebInfo|x64.ActiveCfg = RelWithDebInfo|x64
		{5003AB61-DD72-3B29-96CB-137DC3232BAB}.RelWithDebInfo|x64.Build.0 = RelWithDebInfo|x64
		{547322FD-0409-3DF5-9EFC-D568C057A5E1}.Debug|x64.ActiveCfg = Debug|x64
		{547322FD-0409-3DF5-9EFC-D568C057A5E1}.Debug|x64.Build.0 = Debug|x64
		{547322FD-0409-3DF5-9EFC-D568C057A5E1}.Release|x64.ActiveCfg = Release|x64
		{547322FD-0409-3DF5-9EFC-D568C057A5E1}.Release|x64.Build.0 = Release|x64
		{547322FD-0409-3DF5-9EFC-D568C057A5E1}.MinSizeRel|x64.ActiveCfg = MinSizeRel|x64
		{547322FD-0409-3DF5-9EFC-D568C057A5E1}.MinSizeRel|x64.Build.0 = MinSizeRel|x64
		{547322FD-0409-3DF5-9EFC-D568C057A5E1}.RelWithDebInfo|x64.ActiveCfg = RelWithDebInfo|x64
		{547322FD-0409-3DF5-9EFC-D568C057A5E1}.RelWithDebInfo|x64.Build.0 = RelWithDebInfo|x64
		{C9167E32-ABCD-372D-8FB6-5E22F3D6C6CC}.Debug|x64.ActiveCfg = Debug|x64
		{C9167E32-ABCD-372D-8FB6-5E22F3D6C6CC}.Debug|x64.Build.0 = Debug|x64
		{C9167E32-ABCD-372D-8FB6-5E22F3D6C6CC}.Release|x64.ActiveCfg = Release|x64
		{C9167E32-ABCD-372D-8FB6-5E22F3D6C6CC}.Release|x64.Build.0 = Release|x64
		{C9167E32-ABCD-372D-8FB6-5E22F3D6C6CC}.MinSizeRel|x64.ActiveCfg = MinSizeRel|x64
		{C9167E32-ABCD-372D-8FB6-5E22F3D6C6CC}.MinSizeRel|x64.Build.0 = MinSizeRel|x64
		{C9167E32-ABCD-372D-8FB6-5E22F3D6C6CC}.RelWithDebInfo|x64.ActiveCfg = RelWithDebInfo|x64
		{C9167E32-ABCD-372D-8FB6-5E22F3D6C6CC}.RelWithDebInfo|x64.Build.0 = RelWithDebInfo|x64
		{6595099D-7B85-3EAF-9462-0ADAE65B5942}.Debug|x64.ActiveCfg = Debug|x64
		{6595099D-7B85-3EAF-9462-0ADAE65B5942}.Debug|x64.Build.0 = Debug|x64
		{6595099D-7B85-3EAF-9462-0ADAE65B5942}.Release|x64.ActiveCfg = Release|x64
		{6595099D-7B85-3EAF-9462-0ADAE65B5942}.Release|x64.Build.0 = Release|x64
		{6595099D-7B85-3EAF-9462-0ADAE65B5942}.MinSizeRel|x64.ActiveCfg = MinSizeRel|x64
		{6595099D-7B85-3EAF-9462-0ADAE65B5942}.MinSizeRel|x64.Build.0 = MinSizeRel|x64
		{6595099D-7B85-3EAF-9462-0ADAE65B5942}.RelWithDebInfo|x64.ActiveCfg = RelWithDebInfo|x64
		{6595099D-7B85-3EAF-9462-0ADAE65B5942}.RelWithDebInfo|x64.Build.0 = RelWithDebInfo|x64
		{56524BA4-042B-30BE-92E4-EECF6E467DEE}.Debug|x64.ActiveCfg = Debug|x64
		{56524BA4-042B-30BE-92E4-EECF6E467DEE}.Debug|x64.Build.0 = Debug|x64
		{56524BA4-042B-30BE-92E4-EECF6E467DEE}.Release|x64.ActiveCfg = Release|x64
		{56524BA4-042B-30BE-92E4-EECF6E467DEE}.Release|x64.Build.0 = Release|x64
		{56524BA4-042B-30BE-92E4-EECF6E467DEE}.MinSizeRel|x64.ActiveCfg = MinSizeRel|x64
		{56524BA4-042B-30BE-92E4-EECF6E467DEE}.MinSizeRel|x64.Build.0 = MinSizeRel|x64
		{56524BA4-042B-30BE-92E4-EECF6E467DEE}.RelWithDebInfo|x64.ActiveCfg = RelWithDebInfo|x64
		{56524BA4-042B-30BE-92E4-EECF6E467DEE}.RelWithDebInfo|x64.Build.0 = RelWithDebInfo|x64
		{EDABFED6-5CEF-3F57-81CA-2F5B9064B439}.Debug|x64.ActiveCfg = Debug|x64
		{EDABFED6-5CEF-3F57-81CA-2F5B9064B439}.Debug|x64.Build.0 = Debug|x64
		{EDABFED6-5CEF-3F57-81CA-2F5B9064B439}.Release|x64.ActiveCfg = Release|x64
		{EDABFED6-5CEF-3F57-81CA-2F5B9064B439}.Release|x64.Build.0 = Release|x64
		{EDABFED6-5CEF-3F57-81CA-2F5B9064B439}.MinSizeRel|x64.ActiveCfg = MinSizeRel|x64
		{EDABFED6-5CEF-3F57-81CA-2F5B9064B439}.MinSizeRel|x64.Build.0 = MinSizeRel|x64
		{EDABFED6-5CEF-3F57-81CA-2F5B9064B439}.RelWithDebInfo|x64.ActiveCfg = RelWithDebInfo|x64
		{EDABFED6-5CEF-3F57-81CA-2F5B9064B439}.RelWithDebInfo|x64.Build.0 = RelWithDebInfo|x64
		{153DA842-8EBA-36E7-AB84-BFA55923891A}.Debug|x64.ActiveCfg = Debug|x64
		{153DA842-8EBA-36E7-AB84-BFA55923891A}.Debug|x64.Build.0 = Debug|x64
		{153DA842-8EBA-36E7-AB84-BFA55923891A}.Release|x64.ActiveCfg = Release|x64
		{153DA842-8EBA-36E7-AB84-BFA55923891A}.Release|x64.Build.0 = Release|x64
		{153DA842-8EBA-36E7-AB84-BFA55923891A}.MinSizeRel|x64.ActiveCfg = MinSizeRel|x64
		{153DA842-8EBA-36E7-AB84-BFA55923891A}.MinSizeRel|x64.Build.0 = MinSizeRel|x64
		{153DA842-8EBA-36E7-AB84-BFA55923891A}.RelWithDebInfo|x64.ActiveCfg = RelWithDebInfo|x64
		{153DA842-8EBA-36E7-AB84-BFA55923891A}.RelWithDebInfo|x64.Build.0 = RelWithDebInfo|x64
		{8AF0B46F-D7A9-3594-8018-C5C6E632C571}.Debug|x64.ActiveCfg = Debug|x64
		{8AF0B46F-D7A9-3594-8018-C5C6E632C571}.Debug|x64.Build.0 = Debug|x64
		{8AF0B46F-D7A9-3594-8018-C5C6E632C571}.Release|x64.ActiveCfg = Release|x64
		{8AF0B46F-D7A9-3594-8018-C5C6E632C571}.Release|x64.Build.0 = Release|x64
		{8AF0B46F-D7A9-3594-8018-C5C6E632C571}.MinSizeRel|x64.ActiveCfg = MinSizeRel|x64
		{8AF0B46F-D7A9-3594-8018-C5C6E632C571}.MinSizeRel|x64.Build.0 = MinSizeRel|x64
		{8AF0B46F-D7A9-3594-8018-C5C6E632C571}.RelWithDebInfo|x64.ActiveCfg = RelWithDebInfo|x64
		{8AF0B46F-D7A9-3594-8018-C5C6E632C571}.RelWithDebInfo|x64.Build.0 = RelWithDebInfo|x64
		{BA7B19A0-E4B5-3FF8-97D9-110B966B206A}.Debug|x64.ActiveCfg = Debug|x64
		{BA7B19A0-E4B5-3FF8-97D9-110B966B206A}.Debug|x64.Build.0 = Debug|x64
		{BA7B19A0-E4B5-3FF8-97D9-110B966B206A}.Release|x64.ActiveCfg = Release|x64
		{BA7B19A0-E4B5-3FF8-97D9-110B966B206A}.Release|x64.Build.0 = Release|x64
		{BA7B19A0-E4B5-3FF8-97D9-110B966B206A}.MinSizeRel|x64.ActiveCfg = MinSizeRel|x64
		{BA7B19A0-E4B5-3FF8-97D9-110B966B206A}.MinSizeRel|x64.Build.0 = MinSizeRel|x64
		{BA7B19A0-E4B5-3FF8-97D9-110B966B206A}.RelWithDebInfo|x64.ActiveCfg = RelWithDebInfo|x64
		{BA7B19A0-E4B5-3FF8-97D9-110B966B206A}.RelWithDebInfo|x64.Build.0 = RelWithDebInfo|x64
		{EA6EB488-0259-3A24-B303-D97D242D7C82}.Debug|x64.ActiveCfg = Debug|x64
		{EA6EB488-0259-3A24-B303-D97D242D7C82}.Debug|x64.Build.0 = Debug|x64
		{EA6EB488-0259-3A24-B303-D97D242D7C82}.Release|x64.ActiveCfg = Release|x64
		{EA6EB488-0259-3A24-B303-D97D242D7C82}.Release|x64.Build.0 = Release|x64
		{EA6EB488-0259-3A24-B303-D97D242D7C82}.MinSizeRel|x64.ActiveCfg = MinSizeRel|x64
		{EA6EB488-0259-3A24-B303-D97D242D7C82}.MinSizeRel|x64.Build.0 = MinSizeRel|x64
		{EA6EB488-0259-3A24-B303-D97D242D7C82}.RelWithDebInfo|x64.ActiveCfg = RelWithDebInfo|x64
		{EA6EB488-0259-3A24-B303-D97D242D7C82}.RelWithDebInfo|x64.Build.0 = RelWithDebInfo|x64
		{AE47A16B-52A1-30EF-96D8-46D6641F2DC4}.Debug|x64.ActiveCfg = Debug|x64
		{AE47A16B-52A1-30EF-96D8-46D6641F2DC4}.Debug|x64.Build.0 = Debug|x64
		{AE47A16B-52A1-30EF-96D8-46D6641F2DC4}.Release|x64.ActiveCfg = Release|x64
		{AE47A16B-52A1-30EF-96D8-46D6641F2DC4}.Release|x64.Build.0 = Release|x64
		{AE47A16B-52A1-30EF-96D8-46D6641F2DC4}.MinSizeRel|x64.ActiveCfg = MinSizeRel|x64
		{AE47A16B-52A1-30EF-96D8-46D6641F2DC4}.MinSizeRel|x64.Build.0 = MinSizeRel|x64
		{AE47A16B-52A1-30EF-96D8-46D6641F2DC4}.RelWithDebInfo|x64.ActiveCfg = RelWithDebInfo|x64
		{AE47A16B-52A1-30EF-96D8-46D6641F2DC4}.RelWithDebInfo|x64.Build.0 = RelWithDebInfo|x64
		{AB3EFE20-8F74-39A5-8260-4658626B29FE}.Debug|x64.ActiveCfg = Debug|x64
		{AB3EFE20-8F74-39A5-8260-4658626B29FE}.Debug|x64.Build.0 = Debug|x64
		{AB3EFE20-8F74-39A5-8260-4658626B29FE}.Release|x64.ActiveCfg = Release|x64
		{AB3EFE20-8F74-39A5-8260-4658626B29FE}.Release|x64.Build.0 = Release|x64
		{AB3EFE20-8F74-39A5-8260-4658626B29FE}.MinSizeRel|x64.ActiveCfg = MinSizeRel|x64
		{AB3EFE20-8F74-39A5-8260-4658626B29FE}.MinSizeRel|x64.Build.0 = MinSizeRel|x64
		{AB3EFE20-8F74-39A5-8260-4658626B29FE}.RelWithDebInfo|x64.ActiveCfg = RelWithDebInfo|x64
		{AB3EFE20-8F74-39A5-8260-4658626B29FE}.RelWithDebInfo|x64.Build.0 = RelWithDebInfo|x64
		{CC8F575C-80F5-3477-A4E5-9A5DCE1399DB}.Debug|x64.ActiveCfg = Debug|x64
		{CC8F575C-80F5-3477-A4E5-9A5DCE1399DB}.Debug|x64.Build.0 = Debug|x64
		{CC8F575C-80F5-3477-A4E5-9A5DCE1399DB}.Release|x64.ActiveCfg = Release|x64
		{CC8F575C-80F5-3477-A4E5-9A5DCE1399DB}.Release|x64.Build.0 = Release|x64
		{CC8F575C-80F5-3477-A4E5-9A5DCE1399DB}.MinSizeRel|x64.ActiveCfg = MinSizeRel|x64
		{CC8F575C-80F5-3477-A4E5-9A5DCE1399DB}.MinSizeRel|x64.Build.0 = MinSizeRel|x64
		{CC8F575C-80F5-3477-A4E5-9A5DCE1399DB}.RelWithDebInfo|x64.ActiveCfg = RelWithDebInfo|x64
		{CC8F575C-80F5-3477-A4E5-9A5DCE1399DB}.RelWithDebInfo|x64.Build.0 = RelWithDebInfo|x64
		{1AEEBBF7-4196-366F-8BEB-6DB119236508}.Debug|x64.ActiveCfg = Debug|x64
		{1AEEBBF7-4196-366F-8BEB-6DB119236508}.Debug|x64.Build.0 = Debug|x64
		{1AEEBBF7-4196-366F-8BEB-6DB119236508}.Release|x64.ActiveCfg = Release|x64
		{1AEEBBF7-4196-366F-8BEB-6DB119236508}.Release|x64.Build.0 = Release|x64
		{1AEEBBF7-4196-366F-8BEB-6DB119236508}.MinSizeRel|x64.ActiveCfg = MinSizeRel|x64
		{1AEEBBF7-4196-366F-8BEB-6DB119236508}.MinSizeRel|x64.Build.0 = MinSizeRel|x64
		{1AEEBBF7-4196-366F-8BEB-6DB119236508}.RelWithDebInfo|x64.ActiveCfg = RelWithDebInfo|x64
		{1AEEBBF7-4196-366F-8BEB-6DB119236508}.RelWithDebInfo|x64.Build.0 = RelWithDebInfo|x64
		{87831B9A-31A1-3293-87D3-4434A6126791}.Debug|x64.ActiveCfg = Debug|x64
		{87831B9A-31A1-3293-87D3-4434A6126791}.Debug|x64.Build.0 = Debug|x64
		{87831B9A-31A1-3293-87D3-4434A6126791}.Release|x64.ActiveCfg = Release|x64
		{87831B9A-31A1-3293-87D3-4434A6126791}.Release|x64.Build.0 = Release|x64
		{87831B9A-31A1-3293-87D3-4434A6126791}.MinSizeRel|x64.ActiveCfg = MinSizeRel|x64
		{87831B9A-31A1-3293-87D3-4434A6126791}.MinSizeRel|x64.Build.0 = MinSizeRel|x64
		{87831B9A-31A1-3293-87D3-4434A6126791}.RelWithDebInfo|x64.ActiveCfg = RelWithDebInfo|x64
		{87831B9A-31A1-3293-87D3-4434A6126791}.RelWithDebInfo|x64.Build.0 = RelWithDebInfo|x64
		{74E66E0B-4C80-356A-885B-2A72CD7537A3}.Debug|x64.ActiveCfg = Debug|x64
		{74E66E0B-4C80-356A-885B-2A72CD7537A3}.Debug|x64.Build.0 = Debug|x64
		{74E66E0B-4C80-356A-885B-2A72CD7537A3}.Release|x64.ActiveCfg = Release|x64
		{74E66E0B-4C80-356A-885B-2A72CD7537A3}.Release|x64.Build.0 = Release|x64
		{74E66E0B-4C80-356A-885B-2A72CD7537A3}.MinSizeRel|x64.ActiveCfg = MinSizeRel|x64
		{74E66E0B-4C80-356A-885B-2A72CD7537A3}.MinSizeRel|x64.Build.0 = MinSizeRel|x64
		{74E66E0B-4C80-356A-885B-2A72CD7537A3}.RelWithDebInfo|x64.ActiveCfg = RelWithDebInfo|x64
		{74E66E0B-4C80-356A-885B-2A72CD7537A3}.RelWithDebInfo|x64.Build.0 = RelWithDebInfo|x64
		{42142EF1-1732-359F-951B-B1090F17CD73}.Debug|x64.ActiveCfg = Debug|x64
		{42142EF1-1732-359F-951B-B1090F17CD73}.Debug|x64.Build.0 = Debug|x64
		{42142EF1-1732-359F-951B-B1090F17CD73}.Release|x64.ActiveCfg = Release|x64
		{42142EF1-1732-359F-951B-B1090F17CD73}.Release|x64.Build.0 = Release|x64
		{42142EF1-1732-359F-951B-B1090F17CD73}.MinSizeRel|x64.ActiveCfg = MinSizeRel|x64
		{42142EF1-1732-359F-951B-B1090F17CD73}.MinSizeRel|x64.Build.0 = MinSizeRel|x64
		{42142EF1-1732-359F-951B-B1090F17CD73}.RelWithDebInfo|x64.ActiveCfg = RelWithDebInfo|x64
		{42142EF1-1732-359F-951B-B1090F17CD73}.RelWithDebInfo|x64.Build.0 = RelWithDebInfo|x64
		{BC115C17-AF80-3F49-A178-B032D9E3BEA4}.Debug|x64.ActiveCfg = Debug|x64
		{BC115C17-AF80-3F49-A178-B032D9E3BEA4}.Release|x64.ActiveCfg = Release|x64
		{BC115C17-AF80-3F49-A178-B032D9E3BEA4}.MinSizeRel|x64.ActiveCfg = MinSizeRel|x64
		{BC115C17-AF80-3F49-A178-B032D9E3BEA4}.RelWithDebInfo|x64.ActiveCfg = RelWithDebInfo|x64
		{12E81B05-CA76-3DAB-8E8A-A55102A28F4B}.Debug|x64.ActiveCfg = Debug|x64
		{12E81B05-CA76-3DAB-8E8A-A55102A28F4B}.Debug|x64.Build.0 = Debug|x64
		{12E81B05-CA76-3DAB-8E8A-A55102A28F4B}.Release|x64.ActiveCfg = Release|x64
		{12E81B05-CA76-3DAB-8E8A-A55102A28F4B}.Release|x64.Build.0 = Release|x64
		{12E81B05-CA76-3DAB-8E8A-A55102A28F4B}.MinSizeRel|x64.ActiveCfg = MinSizeRel|x64
		{12E81B05-CA76-3DAB-8E8A-A55102A28F4B}.MinSizeRel|x64.Build.0 = MinSizeRel|x64
		{12E81B05-CA76-3DAB-8E8A-A55102A28F4B}.RelWithDebInfo|x64.ActiveCfg = RelWithDebInfo|x64
		{12E81B05-CA76-3DAB-8E8A-A55102A28F4B}.RelWithDebInfo|x64.Build.0 = RelWithDebInfo|x64
		{A68C10FE-8ADF-3142-B950-8244F6CF647A}.Debug|x64.ActiveCfg = Debug|x64
		{A68C10FE-8ADF-3142-B950-8244F6CF647A}.Debug|x64.Build.0 = Debug|x64
		{A68C10FE-8ADF-3142-B950-8244F6CF647A}.Release|x64.ActiveCfg = Release|x64
		{A68C10FE-8ADF-3142-B950-8244F6CF647A}.Release|x64.Build.0 = Release|x64
		{A68C10FE-8ADF-3142-B950-8244F6CF647A}.MinSizeRel|x64.ActiveCfg = MinSizeRel|x64
		{A68C10FE-8ADF-3142-B950-8244F6CF647A}.MinSizeRel|x64.Build.0 = MinSizeRel|x64
		{A68C10FE-8ADF-3142-B950-8244F6CF647A}.RelWithDebInfo|x64.ActiveCfg = RelWithDebInfo|x64
		{A68C10FE-8ADF-3142-B950-8244F6CF647A}.RelWithDebInfo|x64.Build.0 = RelWithDebInfo|x64
		{7F69165E-3E08-33BC-91DF-4EF80681D021}.Debug|x64.ActiveCfg = Debug|x64
		{7F69165E-3E08-33BC-91DF-4EF80681D021}.Release|x64.ActiveCfg = Release|x64
		{7F69165E-3E08-33BC-91DF-4EF80681D021}.MinSizeRel|x64.ActiveCfg = MinSizeRel|x64
		{7F69165E-3E08-33BC-91DF-4EF80681D021}.RelWithDebInfo|x64.ActiveCfg = RelWithDebInfo|x64
		{8219B90F-BD61-3B4A-A5C9-113E1B3D63CF}.Debug|x64.ActiveCfg = Debug|x64
		{8219B90F-BD61-3B4A-A5C9-113E1B3D63CF}.Debug|x64.Build.0 = Debug|x64
		{8219B90F-BD61-3B4A-A5C9-113E1B3D63CF}.Release|x64.ActiveCfg = Release|x64
		{8219B90F-BD61-3B4A-A5C9-113E1B3D63CF}.Release|x64.Build.0 = Release|x64
		{8219B90F-BD61-3B4A-A5C9-113E1B3D63CF}.MinSizeRel|x64.ActiveCfg = MinSizeRel|x64
		{8219B90F-BD61-3B4A-A5C9-113E1B3D63CF}.MinSizeRel|x64.Build.0 = MinSizeRel|x64
		{8219B90F-BD61-3B4A-A5C9-113E1B3D63CF}.RelWithDebInfo|x64.ActiveCfg = RelWithDebInfo|x64
		{8219B90F-BD61-3B4A-A5C9-113E1B3D63CF}.RelWithDebInfo|x64.Build.0 = RelWithDebInfo|x64
		{812B77EF-1F65-3261-8614-2500725C1A39}.Debug|x64.ActiveCfg = Debug|x64
		{812B77EF-1F65-3261-8614-2500725C1A39}.Debug|x64.Build.0 = Debug|x64
		{812B77EF-1F65-3261-8614-2500725C1A39}.Release|x64.ActiveCfg = Release|x64
		{812B77EF-1F65-3261-8614-2500725C1A39}.Release|x64.Build.0 = Release|x64
		{812B77EF-1F65-3261-8614-2500725C1A39}.MinSizeRel|x64.ActiveCfg = MinSizeRel|x64
		{812B77EF-1F65-3261-8614-2500725C1A39}.MinSizeRel|x64.Build.0 = MinSizeRel|x64
		{812B77EF-1F65-3261-8614-2500725C1A39}.RelWithDebInfo|x64.ActiveCfg = RelWithDebInfo|x64
		{812B77EF-1F65-3261-8614-2500725C1A39}.RelWithDebInfo|x64.Build.0 = RelWithDebInfo|x64
		{C8E1C368-ADED-33F5-997A-DA9316C5498B}.Debug|x64.ActiveCfg = Debug|x64
		{C8E1C368-ADED-33F5-997A-DA9316C5498B}.Debug|x64.Build.0 = Debug|x64
		{C8E1C368-ADED-33F5-997A-DA9316C5498B}.Release|x64.ActiveCfg = Release|x64
		{C8E1C368-ADED-33F5-997A-DA9316C5498B}.Release|x64.Build.0 = Release|x64
		{C8E1C368-ADED-33F5-997A-DA9316C5498B}.MinSizeRel|x64.ActiveCfg = MinSizeRel|x64
		{C8E1C368-ADED-33F5-997A-DA9316C5498B}.MinSizeRel|x64.Build.0 = MinSizeRel|x64
		{C8E1C368-ADED-33F5-997A-DA9316C5498B}.RelWithDebInfo|x64.ActiveCfg = RelWithDebInfo|x64
		{C8E1C368-ADED-33F5-997A-DA9316C5498B}.RelWithDebInfo|x64.Build.0 = RelWithDebInfo|x64
		{6FE83404-A270-3874-B7A9-ECF38EA51FE5}.Debug|x64.ActiveCfg = Debug|x64
		{6FE83404-A270-3874-B7A9-ECF38EA51FE5}.Debug|x64.Build.0 = Debug|x64
		{6FE83404-A270-3874-B7A9-ECF38EA51FE5}.Release|x64.ActiveCfg = Release|x64
		{6FE83404-A270-3874-B7A9-ECF38EA51FE5}.Release|x64.Build.0 = Release|x64
		{6FE83404-A270-3874-B7A9-ECF38EA51FE5}.MinSizeRel|x64.ActiveCfg = MinSizeRel|x64
		{6FE83404-A270-3874-B7A9-ECF38EA51FE5}.MinSizeRel|x64.Build.0 = MinSizeRel|x64
		{6FE83404-A270-3874-B7A9-ECF38EA51FE5}.RelWithDebInfo|x64.ActiveCfg = RelWithDebInfo|x64
		{6FE83404-A270-3874-B7A9-ECF38EA51FE5}.RelWithDebInfo|x64.Build.0 = RelWithDebInfo|x64
		{4F3E1EF9-3F21-3021-B517-D4368DB8297B}.Debug|x64.ActiveCfg = Debug|x64
		{4F3E1EF9-3F21-3021-B517-D4368DB8297B}.Debug|x64.Build.0 = Debug|x64
		{4F3E1EF9-3F21-3021-B517-D4368DB8297B}.Release|x64.ActiveCfg = Release|x64
		{4F3E1EF9-3F21-3021-B517-D4368DB8297B}.Release|x64.Build.0 = Release|x64
		{4F3E1EF9-3F21-3021-B517-D4368DB8297B}.MinSizeRel|x64.ActiveCfg = MinSizeRel|x64
		{4F3E1EF9-3F21-3021-B517-D4368DB8297B}.MinSizeRel|x64.Build.0 = MinSizeRel|x64
		{4F3E1EF9-3F21-3021-B517-D4368DB8297B}.RelWithDebInfo|x64.ActiveCfg = RelWithDebInfo|x64
		{4F3E1EF9-3F21-3021-B517-D4368DB8297B}.RelWithDebInfo|x64.Build.0 = RelWithDebInfo|x64
		{8594B04C-A004-35A3-8984-0E8D9A90B254}.Debug|x64.ActiveCfg = Debug|x64
		{8594B04C-A004-35A3-8984-0E8D9A90B254}.Debug|x64.Build.0 = Debug|x64
		{8594B04C-A004-35A3-8984-0E8D9A90B254}.Release|x64.ActiveCfg = Release|x64
		{8594B04C-A004-35A3-8984-0E8D9A90B254}.Release|x64.Build.0 = Release|x64
		{8594B04C-A004-35A3-8984-0E8D9A90B254}.MinSizeRel|x64.ActiveCfg = MinSizeRel|x64
		{8594B04C-A004-35A3-8984-0E8D9A90B254}.MinSizeRel|x64.Build.0 = MinSizeRel|x64
		{8594B04C-A004-35A3-8984-0E8D9A90B254}.RelWithDebInfo|x64.ActiveCfg = RelWithDebInfo|x64
		{8594B04C-A004-35A3-8984-0E8D9A90B254}.RelWithDebInfo|x64.Build.0 = RelWithDebInfo|x64
		{5E4FCA30-DA2C-3E28-B4B4-B79F949F6B8D}.Debug|x64.ActiveCfg = Debug|x64
		{5E4FCA30-DA2C-3E28-B4B4-B79F949F6B8D}.Debug|x64.Build.0 = Debug|x64
		{5E4FCA30-DA2C-3E28-B4B4-B79F949F6B8D}.Release|x64.ActiveCfg = Release|x64
		{5E4FCA30-DA2C-3E28-B4B4-B79F949F6B8D}.Release|x64.Build.0 = Release|x64
		{5E4FCA30-DA2C-3E28-B4B4-B79F949F6B8D}.MinSizeRel|x64.ActiveCfg = MinSizeRel|x64
		{5E4FCA30-DA2C-3E28-B4B4-B79F949F6B8D}.MinSizeRel|x64.Build.0 = MinSizeRel|x64
		{5E4FCA30-DA2C-3E28-B4B4-B79F949F6B8D}.RelWithDebInfo|x64.ActiveCfg = RelWithDebInfo|x64
		{5E4FCA30-DA2C-3E28-B4B4-B79F949F6B8D}.RelWithDebInfo|x64.Build.0 = RelWithDebInfo|x64
		{91B65AC8-1187-3828-86A8-FDEBF10A67C8}.Debug|x64.ActiveCfg = Debug|x64
		{91B65AC8-1187-3828-86A8-FDEBF10A67C8}.Debug|x64.Build.0 = Debug|x64
		{91B65AC8-1187-3828-86A8-FDEBF10A67C8}.Release|x64.ActiveCfg = Release|x64
		{91B65AC8-1187-3828-86A8-FDEBF10A67C8}.Release|x64.Build.0 = Release|x64
		{91B65AC8-1187-3828-86A8-FDEBF10A67C8}.MinSizeRel|x64.ActiveCfg = MinSizeRel|x64
		{91B65AC8-1187-3828-86A8-FDEBF10A67C8}.MinSizeRel|x64.Build.0 = MinSizeRel|x64
		{91B65AC8-1187-3828-86A8-FDEBF10A67C8}.RelWithDebInfo|x64.ActiveCfg = RelWithDebInfo|x64
		{91B65AC8-1187-3828-86A8-FDEBF10A67C8}.RelWithDebInfo|x64.Build.0 = RelWithDebInfo|x64
		{7456D717-6C95-3FB9-AB18-53C0087A3ED0}.Debug|x64.ActiveCfg = Debug|x64
		{7456D717-6C95-3FB9-AB18-53C0087A3ED0}.Debug|x64.Build.0 = Debug|x64
		{7456D717-6C95-3FB9-AB18-53C0087A3ED0}.Release|x64.ActiveCfg = Release|x64
		{7456D717-6C95-3FB9-AB18-53C0087A3ED0}.Release|x64.Build.0 = Release|x64
		{7456D717-6C95-3FB9-AB18-53C0087A3ED0}.MinSizeRel|x64.ActiveCfg = MinSizeRel|x64
		{7456D717-6C95-3FB9-AB18-53C0087A3ED0}.MinSizeRel|x64.Build.0 = MinSizeRel|x64
		{7456D717-6C95-3FB9-AB18-53C0087A3ED0}.RelWithDebInfo|x64.ActiveCfg = RelWithDebInfo|x64
		{7456D717-6C95-3FB9-AB18-53C0087A3ED0}.RelWithDebInfo|x64.Build.0 = RelWithDebInfo|x64
		{DC3B6D83-5D73-337E-B8A1-0FE16068E2B1}.Debug|x64.ActiveCfg = Debug|x64
		{DC3B6D83-5D73-337E-B8A1-0FE16068E2B1}.Debug|x64.Build.0 = Debug|x64
		{DC3B6D83-5D73-337E-B8A1-0FE16068E2B1}.Release|x64.ActiveCfg = Release|x64
		{DC3B6D83-5D73-337E-B8A1-0FE16068E2B1}.Release|x64.Build.0 = Release|x64
		{DC3B6D83-5D73-337E-B8A1-0FE16068E2B1}.MinSizeRel|x64.ActiveCfg = MinSizeRel|x64
		{DC3B6D83-5D73-337E-B8A1-0FE16068E2B1}.MinSizeRel|x64.Build.0 = MinSizeRel|x64
		{DC3B6D83-5D73-337E-B8A1-0FE16068E2B1}.RelWithDebInfo|x64.ActiveCfg = RelWithDebInfo|x64
		{DC3B6D83-5D73-337E-B8A1-0FE16068E2B1}.RelWithDebInfo|x64.Build.0 = RelWithDebInfo|x64
		{09691756-B191-3F38-B76F-BF0196FD9FD3}.Debug|x64.ActiveCfg = Debug|x64
		{09691756-B191-3F38-B76F-BF0196FD9FD3}.Debug|x64.Build.0 = Debug|x64
		{09691756-B191-3F38-B76F-BF0196FD9FD3}.Release|x64.ActiveCfg = Release|x64
		{09691756-B191-3F38-B76F-BF0196FD9FD3}.Release|x64.Build.0 = Release|x64
		{09691756-B191-3F38-B76F-BF0196FD9FD3}.MinSizeRel|x64.ActiveCfg = MinSizeRel|x64
		{09691756-B191-3F38-B76F-BF0196FD9FD3}.MinSizeRel|x64.Build.0 = MinSizeRel|x64
		{09691756-B191-3F38-B76F-BF0196FD9FD3}.RelWithDebInfo|x64.ActiveCfg = RelWithDebInfo|x64
		{09691756-B191-3F38-B76F-BF0196FD9FD3}.RelWithDebInfo|x64.Build.0 = RelWithDebInfo|x64
	EndGlobalSection
	GlobalSection(ExtensibilityGlobals) = postSolution
		SolutionGuid = {C1858690-3514-3CD2-8044-AD794BFC511C}
	EndGlobalSection
	GlobalSection(ExtensibilityAddIns) = postSolution
	EndGlobalSection
EndGlobal
