Microsoft Visual Studio Solution File, Format Version 11.00
# Visual Studio 2010
Project("{C4522E70-696C-4F6F-AE3B-14B048D8BE18}") = "squareone_dlang_client", ".dub/squareone_dlang_client.visualdproj", "{366B6743-7D3A-4723-95D5-335FD921B117}"
	ProjectSection(ProjectDependencies) = postProject
		{D35628CE-9C8D-46F4-97A5-513B66EBE16B} = {D35628CE-9C8D-46F4-97A5-513B66EBE16B}
		{5CA75642-5F25-488E-90E1-A6BB57035B09} = {5CA75642-5F25-488E-90E1-A6BB57035B09}
		{49ECA216-DA53-4B17-89D7-9E15C8A6EA8B} = {49ECA216-DA53-4B17-89D7-9E15C8A6EA8B}
		{6C55812E-9E05-40C1-BD2F-F6AE6CEC5B44} = {6C55812E-9E05-40C1-BD2F-F6AE6CEC5B44}
		{95835CD0-4648-4006-9190-5F79FD85846D} = {95835CD0-4648-4006-9190-5F79FD85846D}
		{FE9B3313-236D-477F-A0FF-24099BD2CD58} = {FE9B3313-236D-477F-A0FF-24099BD2CD58}
		{5A55ED4C-9C66-4F92-BDFA-6CA3B86C682F} = {5A55ED4C-9C66-4F92-BDFA-6CA3B86C682F}
		{524F1124-65EF-49B2-9574-401AE41F952D} = {524F1124-65EF-49B2-9574-401AE41F952D}
		{BCB3936F-D304-4212-9DC0-B0BCA1A321F0} = {BCB3936F-D304-4212-9DC0-B0BCA1A321F0}
		{53BE6C00-5918-417D-B1BC-74D2C632A17F} = {53BE6C00-5918-417D-B1BC-74D2C632A17F}
		{CA8B9991-0B55-4C68-9D9A-D1DFC9C83F87} = {CA8B9991-0B55-4C68-9D9A-D1DFC9C83F87}
		{C2749E5D-1B7A-4263-8A0C-F4E7AAC4620C} = {C2749E5D-1B7A-4263-8A0C-F4E7AAC4620C}
		{C2749E5D-1B7A-4263-8A0C-F4E7AAC4620C} = {C2749E5D-1B7A-4263-8A0C-F4E7AAC4620C}
		{0267AEE7-59AA-4CA5-8B35-6CD8E5522681} = {0267AEE7-59AA-4CA5-8B35-6CD8E5522681}
		{DB6EE29E-F372-4A83-88F5-F272654A890C} = {DB6EE29E-F372-4A83-88F5-F272654A890C}
		{C31D2FA2-55B3-4AAB-8AA5-99F621815D20} = {C31D2FA2-55B3-4AAB-8AA5-99F621815D20}
		{1640FB70-88D6-4385-8059-529DB54DF277} = {1640FB70-88D6-4385-8059-529DB54DF277}
		{570F5898-FF11-4897-BF9E-498D62E65C97} = {570F5898-FF11-4897-BF9E-498D62E65C97}
	EndProjectSection
EndProject
Project("{C4522E70-696C-4F6F-AE3B-14B048D8BE18}") = "colorize", ".dub/colorize.visualdproj", "{D35628CE-9C8D-46F4-97A5-513B66EBE16B}"
EndProject
Project("{C4522E70-696C-4F6F-AE3B-14B048D8BE18}") = "derelict-al", ".dub/derelict-al.visualdproj", "{5CA75642-5F25-488E-90E1-A6BB57035B09}"
EndProject
Project("{C4522E70-696C-4F6F-AE3B-14B048D8BE18}") = "derelict-util", ".dub/derelict-util.visualdproj", "{C2749E5D-1B7A-4263-8A0C-F4E7AAC4620C}"
EndProject
Project("{C4522E70-696C-4F6F-AE3B-14B048D8BE18}") = "derelict-assimp3", ".dub/derelict-assimp3.visualdproj", "{FE9B3313-236D-477F-A0FF-24099BD2CD58}"
EndProject
Project("{C4522E70-696C-4F6F-AE3B-14B048D8BE18}") = "derelict-enet", ".dub/derelict-enet.visualdproj", "{49ECA216-DA53-4B17-89D7-9E15C8A6EA8B}"
EndProject
Project("{C4522E70-696C-4F6F-AE3B-14B048D8BE18}") = "derelict-fi", ".dub/derelict-fi.visualdproj", "{5A55ED4C-9C66-4F92-BDFA-6CA3B86C682F}"
EndProject
Project("{C4522E70-696C-4F6F-AE3B-14B048D8BE18}") = "derelict-ft", ".dub/derelict-ft.visualdproj", "{524F1124-65EF-49B2-9574-401AE41F952D}"
EndProject
Project("{C4522E70-696C-4F6F-AE3B-14B048D8BE18}") = "derelict-gl3", ".dub/derelict-gl3.visualdproj", "{BCB3936F-D304-4212-9DC0-B0BCA1A321F0}"
EndProject
Project("{C4522E70-696C-4F6F-AE3B-14B048D8BE18}") = "derelict-glfw3", ".dub/derelict-glfw3.visualdproj", "{53BE6C00-5918-417D-B1BC-74D2C632A17F}"
EndProject
Project("{C4522E70-696C-4F6F-AE3B-14B048D8BE18}") = "derelict-ode", ".dub/derelict-ode.visualdproj", "{CA8B9991-0B55-4C68-9D9A-D1DFC9C83F87}"
EndProject
Project("{C4522E70-696C-4F6F-AE3B-14B048D8BE18}") = "emsi_containers", ".dub/emsi_containers.visualdproj", "{0267AEE7-59AA-4CA5-8B35-6CD8E5522681}"
EndProject
Project("{C4522E70-696C-4F6F-AE3B-14B048D8BE18}") = "stdx-allocator", ".dub/stdx-allocator.visualdproj", "{DB6EE29E-F372-4A83-88F5-F272654A890C}"
EndProject
Project("{C4522E70-696C-4F6F-AE3B-14B048D8BE18}") = "entitysysd", ".dub/entitysysd.visualdproj", "{C31D2FA2-55B3-4AAB-8AA5-99F621815D20}"
EndProject
Project("{C4522E70-696C-4F6F-AE3B-14B048D8BE18}") = "gfm:math", ".dub/gfm_math.visualdproj", "{1640FB70-88D6-4385-8059-529DB54DF277}"
EndProject
Project("{C4522E70-696C-4F6F-AE3B-14B048D8BE18}") = "moxana", ".dub/moxana.visualdproj", "{6C55812E-9E05-40C1-BD2F-F6AE6CEC5B44}"
EndProject
Project("{C4522E70-696C-4F6F-AE3B-14B048D8BE18}") = "accessors", ".dub/accessors.visualdproj", "{95835CD0-4648-4006-9190-5F79FD85846D}"
EndProject
Project("{C4522E70-696C-4F6F-AE3B-14B048D8BE18}") = "resusage", ".dub/resusage.visualdproj", "{570F5898-FF11-4897-BF9E-498D62E65C97}"
EndProject
Global
	GlobalSection(SolutionConfigurationPlatforms) = preSolution
		debug|x64 = debug|x64
	EndGlobalSection
	GlobalSection(ProjectConfigurationPlatforms) = postSolution
		{CA8B9991-0B55-4C68-9D9A-D1DFC9C83F87}.debug|x64.ActiveCfg = debug|x64
		{CA8B9991-0B55-4C68-9D9A-D1DFC9C83F87}.debug|x64.Build.0 = debug|x64
		{DB6EE29E-F372-4A83-88F5-F272654A890C}.debug|x64.ActiveCfg = debug|x64
		{DB6EE29E-F372-4A83-88F5-F272654A890C}.debug|x64.Build.0 = debug|x64
		{C2749E5D-1B7A-4263-8A0C-F4E7AAC4620C}.debug|x64.ActiveCfg = debug|x64
		{C2749E5D-1B7A-4263-8A0C-F4E7AAC4620C}.debug|x64.Build.0 = debug|x64
		{95835CD0-4648-4006-9190-5F79FD85846D}.debug|x64.ActiveCfg = debug|x64
		{95835CD0-4648-4006-9190-5F79FD85846D}.debug|x64.Build.0 = debug|x64
		{524F1124-65EF-49B2-9574-401AE41F952D}.debug|x64.ActiveCfg = debug|x64
		{524F1124-65EF-49B2-9574-401AE41F952D}.debug|x64.Build.0 = debug|x64
		{BCB3936F-D304-4212-9DC0-B0BCA1A321F0}.debug|x64.ActiveCfg = debug|x64
		{BCB3936F-D304-4212-9DC0-B0BCA1A321F0}.debug|x64.Build.0 = debug|x64
		{570F5898-FF11-4897-BF9E-498D62E65C97}.debug|x64.ActiveCfg = debug|x64
		{570F5898-FF11-4897-BF9E-498D62E65C97}.debug|x64.Build.0 = debug|x64
		{366B6743-7D3A-4723-95D5-335FD921B117}.debug|x64.ActiveCfg = debug|x64
		{366B6743-7D3A-4723-95D5-335FD921B117}.debug|x64.Build.0 = debug|x64
		{0267AEE7-59AA-4CA5-8B35-6CD8E5522681}.debug|x64.ActiveCfg = debug|x64
		{0267AEE7-59AA-4CA5-8B35-6CD8E5522681}.debug|x64.Build.0 = debug|x64
		{1640FB70-88D6-4385-8059-529DB54DF277}.debug|x64.ActiveCfg = debug|x64
		{1640FB70-88D6-4385-8059-529DB54DF277}.debug|x64.Build.0 = debug|x64
		{FE9B3313-236D-477F-A0FF-24099BD2CD58}.debug|x64.ActiveCfg = debug|x64
		{FE9B3313-236D-477F-A0FF-24099BD2CD58}.debug|x64.Build.0 = debug|x64
		{5CA75642-5F25-488E-90E1-A6BB57035B09}.debug|x64.ActiveCfg = debug|x64
		{5CA75642-5F25-488E-90E1-A6BB57035B09}.debug|x64.Build.0 = debug|x64
		{C31D2FA2-55B3-4AAB-8AA5-99F621815D20}.debug|x64.ActiveCfg = debug|x64
		{C31D2FA2-55B3-4AAB-8AA5-99F621815D20}.debug|x64.Build.0 = debug|x64
		{6C55812E-9E05-40C1-BD2F-F6AE6CEC5B44}.debug|x64.ActiveCfg = debug|x64
		{6C55812E-9E05-40C1-BD2F-F6AE6CEC5B44}.debug|x64.Build.0 = debug|x64
		{49ECA216-DA53-4B17-89D7-9E15C8A6EA8B}.debug|x64.ActiveCfg = debug|x64
		{49ECA216-DA53-4B17-89D7-9E15C8A6EA8B}.debug|x64.Build.0 = debug|x64
		{5A55ED4C-9C66-4F92-BDFA-6CA3B86C682F}.debug|x64.ActiveCfg = debug|x64
		{5A55ED4C-9C66-4F92-BDFA-6CA3B86C682F}.debug|x64.Build.0 = debug|x64
		{53BE6C00-5918-417D-B1BC-74D2C632A17F}.debug|x64.ActiveCfg = debug|x64
		{53BE6C00-5918-417D-B1BC-74D2C632A17F}.debug|x64.Build.0 = debug|x64
		{D35628CE-9C8D-46F4-97A5-513B66EBE16B}.debug|x64.ActiveCfg = debug|x64
		{D35628CE-9C8D-46F4-97A5-513B66EBE16B}.debug|x64.Build.0 = debug|x64
	EndGlobalSection
	GlobalSection(SolutionProperties) = preSolution
		HideSolutionNode = FALSE
	EndGlobalSection
EndGlobal
