Microsoft Visual Studio Solution File, Format Version 11.00
# Visual Studio 2010
Project("{E347185E-110F-46C4-9CD7-D9D6377839D3}") = "squareone_dlang_client", ".dub/squareone_dlang_client.visualdproj", "{F8ECA2AC-4EA9-408C-8BBB-5513DBFCC9FF}"
	ProjectSection(ProjectDependencies) = postProject
		{F98F2013-EB65-4504-8397-9A8187E31389} = {F98F2013-EB65-4504-8397-9A8187E31389}
		{3E6875F8-939B-4945-8E25-D7E827E7ACAF} = {3E6875F8-939B-4945-8E25-D7E827E7ACAF}
		{C6A8765D-8A5F-4DF8-852B-14FCEEC11CB8} = {C6A8765D-8A5F-4DF8-852B-14FCEEC11CB8}
		{C23974B8-C3F9-4051-8402-17F02902555E} = {C23974B8-C3F9-4051-8402-17F02902555E}
		{616F9DFB-7B48-48B9-9C80-9ECC75336EB9} = {616F9DFB-7B48-48B9-9C80-9ECC75336EB9}
		{45DAA77A-5235-465E-887E-BBF005DFE3A7} = {45DAA77A-5235-465E-887E-BBF005DFE3A7}
		{8B5A0209-90DF-4C1F-8CB0-0CDE14EA3BAF} = {8B5A0209-90DF-4C1F-8CB0-0CDE14EA3BAF}
		{F7A46FAB-E2DC-4E11-A425-17AC41EFB8D3} = {F7A46FAB-E2DC-4E11-A425-17AC41EFB8D3}
		{966F4533-41E4-4A5F-BFB4-320A2CACA25D} = {966F4533-41E4-4A5F-BFB4-320A2CACA25D}
		{F46BFFEB-69DB-4751-9525-52D69A55DA45} = {F46BFFEB-69DB-4751-9525-52D69A55DA45}
		{1E66EAED-BEA0-4AE7-98FE-E461F4DC7BD2} = {1E66EAED-BEA0-4AE7-98FE-E461F4DC7BD2}
		{BB964074-53E9-4E14-8EF3-C0D723A471CB} = {BB964074-53E9-4E14-8EF3-C0D723A471CB}
		{BB964074-53E9-4E14-8EF3-C0D723A471CB} = {BB964074-53E9-4E14-8EF3-C0D723A471CB}
		{EA42FE2C-F727-4513-B877-58770C35785B} = {EA42FE2C-F727-4513-B877-58770C35785B}
		{64B02A49-9641-4945-90B8-A7ADA8088AAB} = {64B02A49-9641-4945-90B8-A7ADA8088AAB}
		{B1DC8DBF-90C6-4875-84F7-99736C032023} = {B1DC8DBF-90C6-4875-84F7-99736C032023}
		{0E230BEF-5135-4E66-AE92-9B7D69FBBFAB} = {0E230BEF-5135-4E66-AE92-9B7D69FBBFAB}
		{25B9B21B-EE5D-4601-8E1E-600B6CD1F6D8} = {25B9B21B-EE5D-4601-8E1E-600B6CD1F6D8}
	EndProjectSection
EndProject
Project("{E347185E-110F-46C4-9CD7-D9D6377839D3}") = "colorize", ".dub/colorize.visualdproj", "{F98F2013-EB65-4504-8397-9A8187E31389}"
EndProject
Project("{E347185E-110F-46C4-9CD7-D9D6377839D3}") = "derelict-al", ".dub/derelict-al.visualdproj", "{3E6875F8-939B-4945-8E25-D7E827E7ACAF}"
EndProject
Project("{E347185E-110F-46C4-9CD7-D9D6377839D3}") = "derelict-util", ".dub/derelict-util.visualdproj", "{BB964074-53E9-4E14-8EF3-C0D723A471CB}"
EndProject
Project("{E347185E-110F-46C4-9CD7-D9D6377839D3}") = "derelict-assimp3", ".dub/derelict-assimp3.visualdproj", "{45DAA77A-5235-465E-887E-BBF005DFE3A7}"
EndProject
Project("{E347185E-110F-46C4-9CD7-D9D6377839D3}") = "derelict-enet", ".dub/derelict-enet.visualdproj", "{C6A8765D-8A5F-4DF8-852B-14FCEEC11CB8}"
EndProject
Project("{E347185E-110F-46C4-9CD7-D9D6377839D3}") = "derelict-fi", ".dub/derelict-fi.visualdproj", "{8B5A0209-90DF-4C1F-8CB0-0CDE14EA3BAF}"
EndProject
Project("{E347185E-110F-46C4-9CD7-D9D6377839D3}") = "derelict-ft", ".dub/derelict-ft.visualdproj", "{F7A46FAB-E2DC-4E11-A425-17AC41EFB8D3}"
EndProject
Project("{E347185E-110F-46C4-9CD7-D9D6377839D3}") = "derelict-gl3", ".dub/derelict-gl3.visualdproj", "{966F4533-41E4-4A5F-BFB4-320A2CACA25D}"
EndProject
Project("{E347185E-110F-46C4-9CD7-D9D6377839D3}") = "derelict-glfw3", ".dub/derelict-glfw3.visualdproj", "{F46BFFEB-69DB-4751-9525-52D69A55DA45}"
EndProject
Project("{E347185E-110F-46C4-9CD7-D9D6377839D3}") = "derelict-ode", ".dub/derelict-ode.visualdproj", "{1E66EAED-BEA0-4AE7-98FE-E461F4DC7BD2}"
EndProject
Project("{E347185E-110F-46C4-9CD7-D9D6377839D3}") = "emsi_containers", ".dub/emsi_containers.visualdproj", "{EA42FE2C-F727-4513-B877-58770C35785B}"
EndProject
Project("{E347185E-110F-46C4-9CD7-D9D6377839D3}") = "stdx-allocator", ".dub/stdx-allocator.visualdproj", "{64B02A49-9641-4945-90B8-A7ADA8088AAB}"
EndProject
Project("{E347185E-110F-46C4-9CD7-D9D6377839D3}") = "entitysysd", ".dub/entitysysd.visualdproj", "{B1DC8DBF-90C6-4875-84F7-99736C032023}"
EndProject
Project("{E347185E-110F-46C4-9CD7-D9D6377839D3}") = "gfm:math", ".dub/gfm_math.visualdproj", "{0E230BEF-5135-4E66-AE92-9B7D69FBBFAB}"
EndProject
Project("{E347185E-110F-46C4-9CD7-D9D6377839D3}") = "moxana", ".dub/moxana.visualdproj", "{C23974B8-C3F9-4051-8402-17F02902555E}"
EndProject
Project("{E347185E-110F-46C4-9CD7-D9D6377839D3}") = "accessors", ".dub/accessors.visualdproj", "{616F9DFB-7B48-48B9-9C80-9ECC75336EB9}"
EndProject
Project("{E347185E-110F-46C4-9CD7-D9D6377839D3}") = "resusage", ".dub/resusage.visualdproj", "{25B9B21B-EE5D-4601-8E1E-600B6CD1F6D8}"
EndProject
Global
	GlobalSection(SolutionConfigurationPlatforms) = preSolution
		debug|x64 = debug|x64
	EndGlobalSection
	GlobalSection(ProjectConfigurationPlatforms) = postSolution
		{F8ECA2AC-4EA9-408C-8BBB-5513DBFCC9FF}.debug|x64.ActiveCfg = debug|x64
		{F8ECA2AC-4EA9-408C-8BBB-5513DBFCC9FF}.debug|x64.Build.0 = debug|x64
		{3E6875F8-939B-4945-8E25-D7E827E7ACAF}.debug|x64.ActiveCfg = debug|x64
		{3E6875F8-939B-4945-8E25-D7E827E7ACAF}.debug|x64.Build.0 = debug|x64
		{25B9B21B-EE5D-4601-8E1E-600B6CD1F6D8}.debug|x64.ActiveCfg = debug|x64
		{25B9B21B-EE5D-4601-8E1E-600B6CD1F6D8}.debug|x64.Build.0 = debug|x64
		{B1DC8DBF-90C6-4875-84F7-99736C032023}.debug|x64.ActiveCfg = debug|x64
		{B1DC8DBF-90C6-4875-84F7-99736C032023}.debug|x64.Build.0 = debug|x64
		{0E230BEF-5135-4E66-AE92-9B7D69FBBFAB}.debug|x64.ActiveCfg = debug|x64
		{0E230BEF-5135-4E66-AE92-9B7D69FBBFAB}.debug|x64.Build.0 = debug|x64
		{C6A8765D-8A5F-4DF8-852B-14FCEEC11CB8}.debug|x64.ActiveCfg = debug|x64
		{C6A8765D-8A5F-4DF8-852B-14FCEEC11CB8}.debug|x64.Build.0 = debug|x64
		{8B5A0209-90DF-4C1F-8CB0-0CDE14EA3BAF}.debug|x64.ActiveCfg = debug|x64
		{8B5A0209-90DF-4C1F-8CB0-0CDE14EA3BAF}.debug|x64.Build.0 = debug|x64
		{F46BFFEB-69DB-4751-9525-52D69A55DA45}.debug|x64.ActiveCfg = debug|x64
		{F46BFFEB-69DB-4751-9525-52D69A55DA45}.debug|x64.Build.0 = debug|x64
		{45DAA77A-5235-465E-887E-BBF005DFE3A7}.debug|x64.ActiveCfg = debug|x64
		{45DAA77A-5235-465E-887E-BBF005DFE3A7}.debug|x64.Build.0 = debug|x64
		{1E66EAED-BEA0-4AE7-98FE-E461F4DC7BD2}.debug|x64.ActiveCfg = debug|x64
		{1E66EAED-BEA0-4AE7-98FE-E461F4DC7BD2}.debug|x64.Build.0 = debug|x64
		{64B02A49-9641-4945-90B8-A7ADA8088AAB}.debug|x64.ActiveCfg = debug|x64
		{64B02A49-9641-4945-90B8-A7ADA8088AAB}.debug|x64.Build.0 = debug|x64
		{BB964074-53E9-4E14-8EF3-C0D723A471CB}.debug|x64.ActiveCfg = debug|x64
		{BB964074-53E9-4E14-8EF3-C0D723A471CB}.debug|x64.Build.0 = debug|x64
		{616F9DFB-7B48-48B9-9C80-9ECC75336EB9}.debug|x64.ActiveCfg = debug|x64
		{616F9DFB-7B48-48B9-9C80-9ECC75336EB9}.debug|x64.Build.0 = debug|x64
		{F7A46FAB-E2DC-4E11-A425-17AC41EFB8D3}.debug|x64.ActiveCfg = debug|x64
		{F7A46FAB-E2DC-4E11-A425-17AC41EFB8D3}.debug|x64.Build.0 = debug|x64
		{966F4533-41E4-4A5F-BFB4-320A2CACA25D}.debug|x64.ActiveCfg = debug|x64
		{966F4533-41E4-4A5F-BFB4-320A2CACA25D}.debug|x64.Build.0 = debug|x64
		{EA42FE2C-F727-4513-B877-58770C35785B}.debug|x64.ActiveCfg = debug|x64
		{EA42FE2C-F727-4513-B877-58770C35785B}.debug|x64.Build.0 = debug|x64
		{C23974B8-C3F9-4051-8402-17F02902555E}.debug|x64.ActiveCfg = debug|x64
		{C23974B8-C3F9-4051-8402-17F02902555E}.debug|x64.Build.0 = debug|x64
		{F98F2013-EB65-4504-8397-9A8187E31389}.debug|x64.ActiveCfg = debug|x64
		{F98F2013-EB65-4504-8397-9A8187E31389}.debug|x64.Build.0 = debug|x64
	EndGlobalSection
	GlobalSection(SolutionProperties) = preSolution
		HideSolutionNode = FALSE
	EndGlobalSection
EndGlobal
