Microsoft Visual Studio Solution File, Format Version 12.00
# Visual Studio 15
VisualStudioVersion = 15.0.28307.168
MinimumVisualStudioVersion = 10.0.40219.1
Project("{002A2DE9-8BB6-484D-9802-7E4AD4084715}") = "squareone", ".dub\squareone.visualdproj", "{517C2C92-9527-4F14-959C-CC94222CC31F}"
	ProjectSection(ProjectDependencies) = postProject
		{D7902184-2B27-4FD9-A052-DC4A8029C399} = {D7902184-2B27-4FD9-A052-DC4A8029C399}
		{31FB09B0-16AC-4F27-AE67-44D71059EB8F} = {31FB09B0-16AC-4F27-AE67-44D71059EB8F}
		{05FF7224-A80A-4021-91CE-C220895F1FF0} = {05FF7224-A80A-4021-91CE-C220895F1FF0}
		{E303E4CE-0E63-462F-8CE6-6B103A658BA1} = {E303E4CE-0E63-462F-8CE6-6B103A658BA1}
		{7AD28042-2A41-4847-B350-46E6A283B231} = {7AD28042-2A41-4847-B350-46E6A283B231}
		{E42142D5-79F0-45EA-8594-6AB9FF428AE5} = {E42142D5-79F0-45EA-8594-6AB9FF428AE5}
		{1CC11F5D-B768-4DC0-B284-B9955F4B1FEC} = {1CC11F5D-B768-4DC0-B284-B9955F4B1FEC}
		{96C5B6AE-988D-4731-B83C-CE02900A30A9} = {96C5B6AE-988D-4731-B83C-CE02900A30A9}
		{F90A8837-19DA-447A-85EC-9278AA22135E} = {F90A8837-19DA-447A-85EC-9278AA22135E}
		{4A8C6A9B-57D3-4BFE-A451-E6D6F0DBDC9A} = {4A8C6A9B-57D3-4BFE-A451-E6D6F0DBDC9A}
		{EF167A93-843D-43B3-9B44-64EAFC8A591C} = {EF167A93-843D-43B3-9B44-64EAFC8A591C}
		{9EE62818-B7F7-4959-94D1-742071FB51DC} = {9EE62818-B7F7-4959-94D1-742071FB51DC}
		{3EDF8983-EA09-490B-9E0F-62D1487E32A6} = {3EDF8983-EA09-490B-9E0F-62D1487E32A6}
		{59228FD7-F64E-4D4A-A278-0244E42447EF} = {59228FD7-F64E-4D4A-A278-0244E42447EF}
		{683818B5-2433-4DA3-B327-528963E22C25} = {683818B5-2433-4DA3-B327-528963E22C25}
		{86C82B3C-5F34-4EE0-A192-28C8C445D6BC} = {86C82B3C-5F34-4EE0-A192-28C8C445D6BC}
		{9731CD5A-EA10-4419-A71A-FC5B7A6FA11D} = {9731CD5A-EA10-4419-A71A-FC5B7A6FA11D}
	EndProjectSection
EndProject
Project("{002A2DE9-8BB6-484D-9802-7E4AD4084715}") = "cerealed", ".dub\cerealed.visualdproj", "{31FB09B0-16AC-4F27-AE67-44D71059EB8F}"
EndProject
Project("{002A2DE9-8BB6-484D-9802-7E4AD4084715}") = "concepts", ".dub\concepts.visualdproj", "{05FF7224-A80A-4021-91CE-C220895F1FF0}"
EndProject
Project("{002A2DE9-8BB6-484D-9802-7E4AD4084715}") = "colorize", ".dub\colorize.visualdproj", "{E303E4CE-0E63-462F-8CE6-6B103A658BA1}"
EndProject
Project("{002A2DE9-8BB6-484D-9802-7E4AD4084715}") = "d-cimgui", ".dub\d-cimgui.visualdproj", "{7AD28042-2A41-4847-B350-46E6A283B231}"
EndProject
Project("{002A2DE9-8BB6-484D-9802-7E4AD4084715}") = "derelict-util", ".dub\derelict-util.visualdproj", "{EF167A93-843D-43B3-9B44-64EAFC8A591C}"
EndProject
Project("{002A2DE9-8BB6-484D-9802-7E4AD4084715}") = "derelict-enet", ".dub\derelict-enet.visualdproj", "{E42142D5-79F0-45EA-8594-6AB9FF428AE5}"
EndProject
Project("{002A2DE9-8BB6-484D-9802-7E4AD4084715}") = "derelict-fi", ".dub\derelict-fi.visualdproj", "{1CC11F5D-B768-4DC0-B284-B9955F4B1FEC}"
EndProject
Project("{002A2DE9-8BB6-484D-9802-7E4AD4084715}") = "derelict-ft", ".dub\derelict-ft.visualdproj", "{96C5B6AE-988D-4731-B83C-CE02900A30A9}"
EndProject
Project("{002A2DE9-8BB6-484D-9802-7E4AD4084715}") = "derelict-gl3", ".dub\derelict-gl3.visualdproj", "{F90A8837-19DA-447A-85EC-9278AA22135E}"
EndProject
Project("{002A2DE9-8BB6-484D-9802-7E4AD4084715}") = "derelict-glfw3", ".dub\derelict-glfw3.visualdproj", "{4A8C6A9B-57D3-4BFE-A451-E6D6F0DBDC9A}"
EndProject
Project("{002A2DE9-8BB6-484D-9802-7E4AD4084715}") = "dlib", ".dub\dlib.visualdproj", "{9EE62818-B7F7-4959-94D1-742071FB51DC}"
EndProject
Project("{002A2DE9-8BB6-484D-9802-7E4AD4084715}") = "emsi_containers", ".dub\emsi_containers.visualdproj", "{3EDF8983-EA09-490B-9E0F-62D1487E32A6}"
EndProject
Project("{002A2DE9-8BB6-484D-9802-7E4AD4084715}") = "stdx-allocator", ".dub\stdx-allocator.visualdproj", "{59228FD7-F64E-4D4A-A278-0244E42447EF}"
EndProject
Project("{002A2DE9-8BB6-484D-9802-7E4AD4084715}") = "moxane", ".dub\moxane.visualdproj", "{D7902184-2B27-4FD9-A052-DC4A8029C399}"
EndProject
Project("{002A2DE9-8BB6-484D-9802-7E4AD4084715}") = "optional", ".dub\optional.visualdproj", "{683818B5-2433-4DA3-B327-528963E22C25}"
EndProject
Project("{002A2DE9-8BB6-484D-9802-7E4AD4084715}") = "bolts", ".dub\bolts.visualdproj", "{9731CD5A-EA10-4419-A71A-FC5B7A6FA11D}"
EndProject
Project("{002A2DE9-8BB6-484D-9802-7E4AD4084715}") = "resusage", ".dub\resusage.visualdproj", "{86C82B3C-5F34-4EE0-A192-28C8C445D6BC}"
EndProject
Global
	GlobalSection(SolutionConfigurationPlatforms) = preSolution
		debug|x64 = debug|x64
	EndGlobalSection
	GlobalSection(ProjectConfigurationPlatforms) = postSolution
		{517C2C92-9527-4F14-959C-CC94222CC31F}.debug|x64.ActiveCfg = debug|x64
		{517C2C92-9527-4F14-959C-CC94222CC31F}.debug|x64.Build.0 = debug|x64
		{31FB09B0-16AC-4F27-AE67-44D71059EB8F}.debug|x64.ActiveCfg = debug|x64
		{31FB09B0-16AC-4F27-AE67-44D71059EB8F}.debug|x64.Build.0 = debug|x64
		{05FF7224-A80A-4021-91CE-C220895F1FF0}.debug|x64.ActiveCfg = debug|x64
		{05FF7224-A80A-4021-91CE-C220895F1FF0}.debug|x64.Build.0 = debug|x64
		{E303E4CE-0E63-462F-8CE6-6B103A658BA1}.debug|x64.ActiveCfg = debug|x64
		{E303E4CE-0E63-462F-8CE6-6B103A658BA1}.debug|x64.Build.0 = debug|x64
		{7AD28042-2A41-4847-B350-46E6A283B231}.debug|x64.ActiveCfg = debug|x64
		{7AD28042-2A41-4847-B350-46E6A283B231}.debug|x64.Build.0 = debug|x64
		{EF167A93-843D-43B3-9B44-64EAFC8A591C}.debug|x64.ActiveCfg = debug|x64
		{EF167A93-843D-43B3-9B44-64EAFC8A591C}.debug|x64.Build.0 = debug|x64
		{E42142D5-79F0-45EA-8594-6AB9FF428AE5}.debug|x64.ActiveCfg = debug|x64
		{E42142D5-79F0-45EA-8594-6AB9FF428AE5}.debug|x64.Build.0 = debug|x64
		{1CC11F5D-B768-4DC0-B284-B9955F4B1FEC}.debug|x64.ActiveCfg = debug|x64
		{1CC11F5D-B768-4DC0-B284-B9955F4B1FEC}.debug|x64.Build.0 = debug|x64
		{96C5B6AE-988D-4731-B83C-CE02900A30A9}.debug|x64.ActiveCfg = debug|x64
		{96C5B6AE-988D-4731-B83C-CE02900A30A9}.debug|x64.Build.0 = debug|x64
		{F90A8837-19DA-447A-85EC-9278AA22135E}.debug|x64.ActiveCfg = debug|x64
		{F90A8837-19DA-447A-85EC-9278AA22135E}.debug|x64.Build.0 = debug|x64
		{4A8C6A9B-57D3-4BFE-A451-E6D6F0DBDC9A}.debug|x64.ActiveCfg = debug|x64
		{4A8C6A9B-57D3-4BFE-A451-E6D6F0DBDC9A}.debug|x64.Build.0 = debug|x64
		{9EE62818-B7F7-4959-94D1-742071FB51DC}.debug|x64.ActiveCfg = debug|x64
		{9EE62818-B7F7-4959-94D1-742071FB51DC}.debug|x64.Build.0 = debug|x64
		{3EDF8983-EA09-490B-9E0F-62D1487E32A6}.debug|x64.ActiveCfg = debug|x64
		{3EDF8983-EA09-490B-9E0F-62D1487E32A6}.debug|x64.Build.0 = debug|x64
		{59228FD7-F64E-4D4A-A278-0244E42447EF}.debug|x64.ActiveCfg = debug|x64
		{59228FD7-F64E-4D4A-A278-0244E42447EF}.debug|x64.Build.0 = debug|x64
		{D7902184-2B27-4FD9-A052-DC4A8029C399}.debug|x64.ActiveCfg = debug|x64
		{D7902184-2B27-4FD9-A052-DC4A8029C399}.debug|x64.Build.0 = debug|x64
		{683818B5-2433-4DA3-B327-528963E22C25}.debug|x64.ActiveCfg = debug|x64
		{683818B5-2433-4DA3-B327-528963E22C25}.debug|x64.Build.0 = debug|x64
		{9731CD5A-EA10-4419-A71A-FC5B7A6FA11D}.debug|x64.ActiveCfg = debug|x64
		{9731CD5A-EA10-4419-A71A-FC5B7A6FA11D}.debug|x64.Build.0 = debug|x64
		{86C82B3C-5F34-4EE0-A192-28C8C445D6BC}.debug|x64.ActiveCfg = debug|x64
		{86C82B3C-5F34-4EE0-A192-28C8C445D6BC}.debug|x64.Build.0 = debug|x64
	EndGlobalSection
	GlobalSection(SolutionProperties) = preSolution
		HideSolutionNode = FALSE
	EndGlobalSection
	GlobalSection(ExtensibilityGlobals) = postSolution
		SolutionGuid = {8783328A-F87F-4C57-A77D-BE700243F64A}
	EndGlobalSection
EndGlobal
