Microsoft Visual Studio Solution File, Format Version 11.00
# Visual Studio 2010
Project("{257D9F6E-008F-4384-B0CB-ED34C6AEF705}") = "squareone", ".dub/squareone.visualdproj", "{07316DE2-3F87-4387-A400-6525C53A793E}"
	ProjectSection(ProjectDependencies) = postProject
		{C9B730E9-D60A-4847-BD50-13669FD56FFD} = {C9B730E9-D60A-4847-BD50-13669FD56FFD}
		{DFD1F86D-3ADE-42D7-89A2-103F770CE8E3} = {DFD1F86D-3ADE-42D7-89A2-103F770CE8E3}
		{D6CF4785-8E9B-4D85-985A-CBD285E76599} = {D6CF4785-8E9B-4D85-985A-CBD285E76599}
		{7BDB6FEB-13B9-4091-A6BA-F5774578BF8D} = {7BDB6FEB-13B9-4091-A6BA-F5774578BF8D}
		{32D2FE89-75B1-4154-B746-89B5ED8427F5} = {32D2FE89-75B1-4154-B746-89B5ED8427F5}
		{BB17680C-3D0A-420F-8122-D3B4200F37CD} = {BB17680C-3D0A-420F-8122-D3B4200F37CD}
		{E7F73B6D-42A9-437B-9BA3-3EF76A018E48} = {E7F73B6D-42A9-437B-9BA3-3EF76A018E48}
		{848FC184-A2C9-4346-82BD-DE2F9F29633E} = {848FC184-A2C9-4346-82BD-DE2F9F29633E}
		{C0DA0C91-35EA-40E6-90B4-42A1A1865B14} = {C0DA0C91-35EA-40E6-90B4-42A1A1865B14}
		{D79C5800-63A2-4262-B8E4-A13F967DC355} = {D79C5800-63A2-4262-B8E4-A13F967DC355}
		{2C8451A8-C9E7-4B2A-86CC-A837D372DB53} = {2C8451A8-C9E7-4B2A-86CC-A837D372DB53}
		{2C8451A8-C9E7-4B2A-86CC-A837D372DB53} = {2C8451A8-C9E7-4B2A-86CC-A837D372DB53}
		{BEB11819-5293-4171-8D1C-5A4091EA186F} = {BEB11819-5293-4171-8D1C-5A4091EA186F}
		{3A9A9C83-B7A3-417A-A0C6-CF537A17A784} = {3A9A9C83-B7A3-417A-A0C6-CF537A17A784}
		{BB6C4F5A-EBA7-4BBB-997D-764B07C126B3} = {BB6C4F5A-EBA7-4BBB-997D-764B07C126B3}
		{B53D5F6E-6BB4-4001-A809-0A198589532A} = {B53D5F6E-6BB4-4001-A809-0A198589532A}
		{B53D5F6E-6BB4-4001-A809-0A198589532A} = {B53D5F6E-6BB4-4001-A809-0A198589532A}
	EndProjectSection
EndProject
Project("{257D9F6E-008F-4384-B0CB-ED34C6AEF705}") = "cerealed", ".dub/cerealed.visualdproj", "{DFD1F86D-3ADE-42D7-89A2-103F770CE8E3}"
EndProject
Project("{257D9F6E-008F-4384-B0CB-ED34C6AEF705}") = "concepts", ".dub/concepts.visualdproj", "{D6CF4785-8E9B-4D85-985A-CBD285E76599}"
EndProject
Project("{257D9F6E-008F-4384-B0CB-ED34C6AEF705}") = "colorize", ".dub/colorize.visualdproj", "{7BDB6FEB-13B9-4091-A6BA-F5774578BF8D}"
EndProject
Project("{257D9F6E-008F-4384-B0CB-ED34C6AEF705}") = "d-cimgui", ".dub/d-cimgui.visualdproj", "{32D2FE89-75B1-4154-B746-89B5ED8427F5}"
EndProject
Project("{257D9F6E-008F-4384-B0CB-ED34C6AEF705}") = "derelict-util", ".dub/derelict-util.visualdproj", "{2C8451A8-C9E7-4B2A-86CC-A837D372DB53}"
EndProject
Project("{257D9F6E-008F-4384-B0CB-ED34C6AEF705}") = "derelict-enet", ".dub/derelict-enet.visualdproj", "{BB17680C-3D0A-420F-8122-D3B4200F37CD}"
EndProject
Project("{257D9F6E-008F-4384-B0CB-ED34C6AEF705}") = "derelict-fi", ".dub/derelict-fi.visualdproj", "{E7F73B6D-42A9-437B-9BA3-3EF76A018E48}"
EndProject
Project("{257D9F6E-008F-4384-B0CB-ED34C6AEF705}") = "derelict-ft", ".dub/derelict-ft.visualdproj", "{848FC184-A2C9-4346-82BD-DE2F9F29633E}"
EndProject
Project("{257D9F6E-008F-4384-B0CB-ED34C6AEF705}") = "derelict-gl3", ".dub/derelict-gl3.visualdproj", "{C0DA0C91-35EA-40E6-90B4-42A1A1865B14}"
EndProject
Project("{257D9F6E-008F-4384-B0CB-ED34C6AEF705}") = "derelict-glfw3", ".dub/derelict-glfw3.visualdproj", "{D79C5800-63A2-4262-B8E4-A13F967DC355}"
EndProject
Project("{257D9F6E-008F-4384-B0CB-ED34C6AEF705}") = "dlib", ".dub/dlib.visualdproj", "{BEB11819-5293-4171-8D1C-5A4091EA186F}"
EndProject
Project("{257D9F6E-008F-4384-B0CB-ED34C6AEF705}") = "emsi_containers", ".dub/emsi_containers.visualdproj", "{3A9A9C83-B7A3-417A-A0C6-CF537A17A784}"
EndProject
Project("{257D9F6E-008F-4384-B0CB-ED34C6AEF705}") = "stdx-allocator", ".dub/stdx-allocator.visualdproj", "{BB6C4F5A-EBA7-4BBB-997D-764B07C126B3}"
EndProject
Project("{257D9F6E-008F-4384-B0CB-ED34C6AEF705}") = "moxane", ".dub/moxane.visualdproj", "{C9B730E9-D60A-4847-BD50-13669FD56FFD}"
EndProject
Project("{257D9F6E-008F-4384-B0CB-ED34C6AEF705}") = "resusage", ".dub/resusage.visualdproj", "{B53D5F6E-6BB4-4001-A809-0A198589532A}"
EndProject
Global
	GlobalSection(SolutionConfigurationPlatforms) = preSolution
		debug|x64 = debug|x64
	EndGlobalSection
	GlobalSection(ProjectConfigurationPlatforms) = postSolution
		{C9B730E9-D60A-4847-BD50-13669FD56FFD}.debug|x64.ActiveCfg = debug|x64
		{C9B730E9-D60A-4847-BD50-13669FD56FFD}.debug|x64.Build.0 = debug|x64
		{BEB11819-5293-4171-8D1C-5A4091EA186F}.debug|x64.ActiveCfg = debug|x64
		{BEB11819-5293-4171-8D1C-5A4091EA186F}.debug|x64.Build.0 = debug|x64
		{B53D5F6E-6BB4-4001-A809-0A198589532A}.debug|x64.ActiveCfg = debug|x64
		{B53D5F6E-6BB4-4001-A809-0A198589532A}.debug|x64.Build.0 = debug|x64
		{7BDB6FEB-13B9-4091-A6BA-F5774578BF8D}.debug|x64.ActiveCfg = debug|x64
		{7BDB6FEB-13B9-4091-A6BA-F5774578BF8D}.debug|x64.Build.0 = debug|x64
		{3A9A9C83-B7A3-417A-A0C6-CF537A17A784}.debug|x64.ActiveCfg = debug|x64
		{3A9A9C83-B7A3-417A-A0C6-CF537A17A784}.debug|x64.Build.0 = debug|x64
		{C0DA0C91-35EA-40E6-90B4-42A1A1865B14}.debug|x64.ActiveCfg = debug|x64
		{C0DA0C91-35EA-40E6-90B4-42A1A1865B14}.debug|x64.Build.0 = debug|x64
		{32D2FE89-75B1-4154-B746-89B5ED8427F5}.debug|x64.ActiveCfg = debug|x64
		{32D2FE89-75B1-4154-B746-89B5ED8427F5}.debug|x64.Build.0 = debug|x64
		{D6CF4785-8E9B-4D85-985A-CBD285E76599}.debug|x64.ActiveCfg = debug|x64
		{D6CF4785-8E9B-4D85-985A-CBD285E76599}.debug|x64.Build.0 = debug|x64
		{07316DE2-3F87-4387-A400-6525C53A793E}.debug|x64.ActiveCfg = debug|x64
		{07316DE2-3F87-4387-A400-6525C53A793E}.debug|x64.Build.0 = debug|x64
		{BB6C4F5A-EBA7-4BBB-997D-764B07C126B3}.debug|x64.ActiveCfg = debug|x64
		{BB6C4F5A-EBA7-4BBB-997D-764B07C126B3}.debug|x64.Build.0 = debug|x64
		{848FC184-A2C9-4346-82BD-DE2F9F29633E}.debug|x64.ActiveCfg = debug|x64
		{848FC184-A2C9-4346-82BD-DE2F9F29633E}.debug|x64.Build.0 = debug|x64
		{D79C5800-63A2-4262-B8E4-A13F967DC355}.debug|x64.ActiveCfg = debug|x64
		{D79C5800-63A2-4262-B8E4-A13F967DC355}.debug|x64.Build.0 = debug|x64
		{4BD4ABAE-6FD9-49A7-B8E9-0CADAA970076}.debug|x64.ActiveCfg = debug|x64
		{4BD4ABAE-6FD9-49A7-B8E9-0CADAA970076}.debug|x64.Build.0 = debug|x64
		{2C8451A8-C9E7-4B2A-86CC-A837D372DB53}.debug|x64.ActiveCfg = debug|x64
		{2C8451A8-C9E7-4B2A-86CC-A837D372DB53}.debug|x64.Build.0 = debug|x64
		{E7F73B6D-42A9-437B-9BA3-3EF76A018E48}.debug|x64.ActiveCfg = debug|x64
		{E7F73B6D-42A9-437B-9BA3-3EF76A018E48}.debug|x64.Build.0 = debug|x64
		{BB17680C-3D0A-420F-8122-D3B4200F37CD}.debug|x64.ActiveCfg = debug|x64
		{BB17680C-3D0A-420F-8122-D3B4200F37CD}.debug|x64.Build.0 = debug|x64
		{DFD1F86D-3ADE-42D7-89A2-103F770CE8E3}.debug|x64.ActiveCfg = debug|x64
		{DFD1F86D-3ADE-42D7-89A2-103F770CE8E3}.debug|x64.Build.0 = debug|x64
	EndGlobalSection
	GlobalSection(SolutionProperties) = preSolution
		HideSolutionNode = FALSE
	EndGlobalSection
EndGlobal
