Microsoft Visual Studio Solution File, Format Version 11.00
# Visual Studio 2010
Project("{297F40FF-5B87-4985-AC5D-46C7843335E3}") = "squareone", ".dub/squareone.visualdproj", "{2CB4330F-A1C8-4D60-A97B-77B1D532830B}"
	ProjectSection(ProjectDependencies) = postProject
		{8F3D3C23-CCFD-4147-8300-CBB3E5F5FCCD} = {8F3D3C23-CCFD-4147-8300-CBB3E5F5FCCD}
		{7F2C91FF-D9B8-4596-B1E5-392EB2E1484F} = {7F2C91FF-D9B8-4596-B1E5-392EB2E1484F}
		{84ADA063-4CAD-4E79-B023-3538C6DBFB5C} = {84ADA063-4CAD-4E79-B023-3538C6DBFB5C}
		{996BF9CF-B771-4D6A-87DE-282607E2554E} = {996BF9CF-B771-4D6A-87DE-282607E2554E}
		{67875587-1D81-4486-8F3D-032173462F21} = {67875587-1D81-4486-8F3D-032173462F21}
		{30F11E6B-C100-46D6-AEC7-09553E2EC0CD} = {30F11E6B-C100-46D6-AEC7-09553E2EC0CD}
		{4CBEE8AD-0F6B-49EC-8C7F-2584E771F567} = {4CBEE8AD-0F6B-49EC-8C7F-2584E771F567}
		{A567BD87-4823-4C46-9CD0-C68908530719} = {A567BD87-4823-4C46-9CD0-C68908530719}
		{AE65D6E8-7A76-4C02-BC1F-901EFD7D3DE8} = {AE65D6E8-7A76-4C02-BC1F-901EFD7D3DE8}
		{E0BD9419-9594-4A25-8F40-30F32B33413A} = {E0BD9419-9594-4A25-8F40-30F32B33413A}
		{B742259A-86DA-4382-BC4F-227507971029} = {B742259A-86DA-4382-BC4F-227507971029}
		{B742259A-86DA-4382-BC4F-227507971029} = {B742259A-86DA-4382-BC4F-227507971029}
		{91D13164-100A-4489-8934-9639B077B1C2} = {91D13164-100A-4489-8934-9639B077B1C2}
		{1D9F33DC-ACF2-4897-8A74-34D7933B76C7} = {1D9F33DC-ACF2-4897-8A74-34D7933B76C7}
		{D937D354-8B6A-449D-82D8-ACE29BE00726} = {D937D354-8B6A-449D-82D8-ACE29BE00726}
		{A37360A7-DFC1-445C-B9BA-047FD8CF0D0B} = {A37360A7-DFC1-445C-B9BA-047FD8CF0D0B}
		{A37360A7-DFC1-445C-B9BA-047FD8CF0D0B} = {A37360A7-DFC1-445C-B9BA-047FD8CF0D0B}
	EndProjectSection
EndProject
Project("{297F40FF-5B87-4985-AC5D-46C7843335E3}") = "cerealed", ".dub/cerealed.visualdproj", "{7F2C91FF-D9B8-4596-B1E5-392EB2E1484F}"
EndProject
Project("{297F40FF-5B87-4985-AC5D-46C7843335E3}") = "concepts", ".dub/concepts.visualdproj", "{84ADA063-4CAD-4E79-B023-3538C6DBFB5C}"
EndProject
Project("{297F40FF-5B87-4985-AC5D-46C7843335E3}") = "colorize", ".dub/colorize.visualdproj", "{996BF9CF-B771-4D6A-87DE-282607E2554E}"
EndProject
Project("{297F40FF-5B87-4985-AC5D-46C7843335E3}") = "d-cimgui", ".dub/d-cimgui.visualdproj", "{67875587-1D81-4486-8F3D-032173462F21}"
EndProject
Project("{297F40FF-5B87-4985-AC5D-46C7843335E3}") = "derelict-util", ".dub/derelict-util.visualdproj", "{B742259A-86DA-4382-BC4F-227507971029}"
EndProject
Project("{297F40FF-5B87-4985-AC5D-46C7843335E3}") = "derelict-enet", ".dub/derelict-enet.visualdproj", "{30F11E6B-C100-46D6-AEC7-09553E2EC0CD}"
EndProject
Project("{297F40FF-5B87-4985-AC5D-46C7843335E3}") = "derelict-fi", ".dub/derelict-fi.visualdproj", "{4CBEE8AD-0F6B-49EC-8C7F-2584E771F567}"
EndProject
Project("{297F40FF-5B87-4985-AC5D-46C7843335E3}") = "derelict-ft", ".dub/derelict-ft.visualdproj", "{A567BD87-4823-4C46-9CD0-C68908530719}"
EndProject
Project("{297F40FF-5B87-4985-AC5D-46C7843335E3}") = "derelict-gl3", ".dub/derelict-gl3.visualdproj", "{AE65D6E8-7A76-4C02-BC1F-901EFD7D3DE8}"
EndProject
Project("{297F40FF-5B87-4985-AC5D-46C7843335E3}") = "derelict-glfw3", ".dub/derelict-glfw3.visualdproj", "{E0BD9419-9594-4A25-8F40-30F32B33413A}"
EndProject
Project("{297F40FF-5B87-4985-AC5D-46C7843335E3}") = "dlib", ".dub/dlib.visualdproj", "{91D13164-100A-4489-8934-9639B077B1C2}"
EndProject
Project("{297F40FF-5B87-4985-AC5D-46C7843335E3}") = "emsi_containers", ".dub/emsi_containers.visualdproj", "{1D9F33DC-ACF2-4897-8A74-34D7933B76C7}"
EndProject
Project("{297F40FF-5B87-4985-AC5D-46C7843335E3}") = "stdx-allocator", ".dub/stdx-allocator.visualdproj", "{D937D354-8B6A-449D-82D8-ACE29BE00726}"
EndProject
Project("{297F40FF-5B87-4985-AC5D-46C7843335E3}") = "moxane", ".dub/moxane.visualdproj", "{8F3D3C23-CCFD-4147-8300-CBB3E5F5FCCD}"
EndProject
Project("{297F40FF-5B87-4985-AC5D-46C7843335E3}") = "resusage", ".dub/resusage.visualdproj", "{A37360A7-DFC1-445C-B9BA-047FD8CF0D0B}"
EndProject
Global
	GlobalSection(SolutionConfigurationPlatforms) = preSolution
		debug|x64 = debug|x64
	EndGlobalSection
	GlobalSection(ProjectConfigurationPlatforms) = postSolution
		{67875587-1D81-4486-8F3D-032173462F21}.debug|x64.ActiveCfg = debug|x64
		{67875587-1D81-4486-8F3D-032173462F21}.debug|x64.Build.0 = debug|x64
		{D937D354-8B6A-449D-82D8-ACE29BE00726}.debug|x64.ActiveCfg = debug|x64
		{D937D354-8B6A-449D-82D8-ACE29BE00726}.debug|x64.Build.0 = debug|x64
		{B742259A-86DA-4382-BC4F-227507971029}.debug|x64.ActiveCfg = debug|x64
		{B742259A-86DA-4382-BC4F-227507971029}.debug|x64.Build.0 = debug|x64
		{2CB4330F-A1C8-4D60-A97B-77B1D532830B}.debug|x64.ActiveCfg = debug|x64
		{2CB4330F-A1C8-4D60-A97B-77B1D532830B}.debug|x64.Build.0 = debug|x64
		{8F3D3C23-CCFD-4147-8300-CBB3E5F5FCCD}.debug|x64.ActiveCfg = debug|x64
		{8F3D3C23-CCFD-4147-8300-CBB3E5F5FCCD}.debug|x64.Build.0 = debug|x64
		{A567BD87-4823-4C46-9CD0-C68908530719}.debug|x64.ActiveCfg = debug|x64
		{A567BD87-4823-4C46-9CD0-C68908530719}.debug|x64.Build.0 = debug|x64
		{AE65D6E8-7A76-4C02-BC1F-901EFD7D3DE8}.debug|x64.ActiveCfg = debug|x64
		{AE65D6E8-7A76-4C02-BC1F-901EFD7D3DE8}.debug|x64.Build.0 = debug|x64
		{84ADA063-4CAD-4E79-B023-3538C6DBFB5C}.debug|x64.ActiveCfg = debug|x64
		{84ADA063-4CAD-4E79-B023-3538C6DBFB5C}.debug|x64.Build.0 = debug|x64
		{08D8146B-5CD1-43A0-ABBF-A1F6CC9790EE}.debug|x64.ActiveCfg = debug|x64
		{08D8146B-5CD1-43A0-ABBF-A1F6CC9790EE}.debug|x64.Build.0 = debug|x64
		{A37360A7-DFC1-445C-B9BA-047FD8CF0D0B}.debug|x64.ActiveCfg = debug|x64
		{A37360A7-DFC1-445C-B9BA-047FD8CF0D0B}.debug|x64.Build.0 = debug|x64
		{1D9F33DC-ACF2-4897-8A74-34D7933B76C7}.debug|x64.ActiveCfg = debug|x64
		{1D9F33DC-ACF2-4897-8A74-34D7933B76C7}.debug|x64.Build.0 = debug|x64
		{91D13164-100A-4489-8934-9639B077B1C2}.debug|x64.ActiveCfg = debug|x64
		{91D13164-100A-4489-8934-9639B077B1C2}.debug|x64.Build.0 = debug|x64
		{7F2C91FF-D9B8-4596-B1E5-392EB2E1484F}.debug|x64.ActiveCfg = debug|x64
		{7F2C91FF-D9B8-4596-B1E5-392EB2E1484F}.debug|x64.Build.0 = debug|x64
		{30F11E6B-C100-46D6-AEC7-09553E2EC0CD}.debug|x64.ActiveCfg = debug|x64
		{30F11E6B-C100-46D6-AEC7-09553E2EC0CD}.debug|x64.Build.0 = debug|x64
		{4CBEE8AD-0F6B-49EC-8C7F-2584E771F567}.debug|x64.ActiveCfg = debug|x64
		{4CBEE8AD-0F6B-49EC-8C7F-2584E771F567}.debug|x64.Build.0 = debug|x64
		{E0BD9419-9594-4A25-8F40-30F32B33413A}.debug|x64.ActiveCfg = debug|x64
		{E0BD9419-9594-4A25-8F40-30F32B33413A}.debug|x64.Build.0 = debug|x64
		{996BF9CF-B771-4D6A-87DE-282607E2554E}.debug|x64.ActiveCfg = debug|x64
		{996BF9CF-B771-4D6A-87DE-282607E2554E}.debug|x64.Build.0 = debug|x64
	EndGlobalSection
	GlobalSection(SolutionProperties) = preSolution
		HideSolutionNode = FALSE
	EndGlobalSection
EndGlobal
