Microsoft Visual Studio Solution File, Format Version 11.00
# Visual Studio 2010
Project("{96FC1E3E-FA24-4FF0-9939-B7F85495FF52}") = "squareone", ".dub/squareone.visualdproj", "{DF08F196-CAD8-4ECE-A288-D674008A36AE}"
	ProjectSection(ProjectDependencies) = postProject
		{F833588B-E138-4F1D-9C89-FE14FA0B4C28} = {F833588B-E138-4F1D-9C89-FE14FA0B4C28}
		{6C5A082C-09CE-4444-BF29-5C5BEA7C3856} = {6C5A082C-09CE-4444-BF29-5C5BEA7C3856}
		{17696C93-C5D0-477A-B192-0425061149DF} = {17696C93-C5D0-477A-B192-0425061149DF}
		{91F765F5-D041-49D2-959A-4A02D8AEE176} = {91F765F5-D041-49D2-959A-4A02D8AEE176}
		{7701322A-E964-49A3-8E6F-595482B9B1CF} = {7701322A-E964-49A3-8E6F-595482B9B1CF}
		{726BC283-1415-419D-8697-25B9C8EF9C42} = {726BC283-1415-419D-8697-25B9C8EF9C42}
		{984C3940-1882-446F-8772-287F1D9A5BF9} = {984C3940-1882-446F-8772-287F1D9A5BF9}
		{18D7E28C-4D45-4A2C-BC26-5E431B99795B} = {18D7E28C-4D45-4A2C-BC26-5E431B99795B}
		{C6CE632D-E0C6-4CEB-B9E6-AA386E3CCCE7} = {C6CE632D-E0C6-4CEB-B9E6-AA386E3CCCE7}
		{277008E1-6315-4A43-BC03-AB4319B2D935} = {277008E1-6315-4A43-BC03-AB4319B2D935}
		{6F52FC23-1B11-42F3-AD6A-2B98D737DBA6} = {6F52FC23-1B11-42F3-AD6A-2B98D737DBA6}
		{6F52FC23-1B11-42F3-AD6A-2B98D737DBA6} = {6F52FC23-1B11-42F3-AD6A-2B98D737DBA6}
		{4581C9E1-A640-4253-B969-88F0950D605A} = {4581C9E1-A640-4253-B969-88F0950D605A}
		{E3D07A4E-D28B-41C7-8140-B1444CA15692} = {E3D07A4E-D28B-41C7-8140-B1444CA15692}
		{D741F992-08C4-4D91-AB38-DEC8DD696459} = {D741F992-08C4-4D91-AB38-DEC8DD696459}
		{3A11BF5A-18CF-4BEF-8494-43254FE56F3C} = {3A11BF5A-18CF-4BEF-8494-43254FE56F3C}
		{3A11BF5A-18CF-4BEF-8494-43254FE56F3C} = {3A11BF5A-18CF-4BEF-8494-43254FE56F3C}
	EndProjectSection
EndProject
Project("{96FC1E3E-FA24-4FF0-9939-B7F85495FF52}") = "cerealed", ".dub/cerealed.visualdproj", "{6C5A082C-09CE-4444-BF29-5C5BEA7C3856}"
EndProject
Project("{96FC1E3E-FA24-4FF0-9939-B7F85495FF52}") = "concepts", ".dub/concepts.visualdproj", "{17696C93-C5D0-477A-B192-0425061149DF}"
EndProject
Project("{96FC1E3E-FA24-4FF0-9939-B7F85495FF52}") = "colorize", ".dub/colorize.visualdproj", "{91F765F5-D041-49D2-959A-4A02D8AEE176}"
EndProject
Project("{96FC1E3E-FA24-4FF0-9939-B7F85495FF52}") = "d-cimgui", ".dub/d-cimgui.visualdproj", "{7701322A-E964-49A3-8E6F-595482B9B1CF}"
EndProject
Project("{96FC1E3E-FA24-4FF0-9939-B7F85495FF52}") = "derelict-util", ".dub/derelict-util.visualdproj", "{6F52FC23-1B11-42F3-AD6A-2B98D737DBA6}"
EndProject
Project("{96FC1E3E-FA24-4FF0-9939-B7F85495FF52}") = "derelict-enet", ".dub/derelict-enet.visualdproj", "{726BC283-1415-419D-8697-25B9C8EF9C42}"
EndProject
Project("{96FC1E3E-FA24-4FF0-9939-B7F85495FF52}") = "derelict-fi", ".dub/derelict-fi.visualdproj", "{984C3940-1882-446F-8772-287F1D9A5BF9}"
EndProject
Project("{96FC1E3E-FA24-4FF0-9939-B7F85495FF52}") = "derelict-ft", ".dub/derelict-ft.visualdproj", "{18D7E28C-4D45-4A2C-BC26-5E431B99795B}"
EndProject
Project("{96FC1E3E-FA24-4FF0-9939-B7F85495FF52}") = "derelict-gl3", ".dub/derelict-gl3.visualdproj", "{C6CE632D-E0C6-4CEB-B9E6-AA386E3CCCE7}"
EndProject
Project("{96FC1E3E-FA24-4FF0-9939-B7F85495FF52}") = "derelict-glfw3", ".dub/derelict-glfw3.visualdproj", "{277008E1-6315-4A43-BC03-AB4319B2D935}"
EndProject
Project("{96FC1E3E-FA24-4FF0-9939-B7F85495FF52}") = "dlib", ".dub/dlib.visualdproj", "{4581C9E1-A640-4253-B969-88F0950D605A}"
EndProject
Project("{96FC1E3E-FA24-4FF0-9939-B7F85495FF52}") = "emsi_containers", ".dub/emsi_containers.visualdproj", "{E3D07A4E-D28B-41C7-8140-B1444CA15692}"
EndProject
Project("{96FC1E3E-FA24-4FF0-9939-B7F85495FF52}") = "stdx-allocator", ".dub/stdx-allocator.visualdproj", "{D741F992-08C4-4D91-AB38-DEC8DD696459}"
EndProject
Project("{96FC1E3E-FA24-4FF0-9939-B7F85495FF52}") = "moxane", ".dub/moxane.visualdproj", "{F833588B-E138-4F1D-9C89-FE14FA0B4C28}"
EndProject
Project("{96FC1E3E-FA24-4FF0-9939-B7F85495FF52}") = "resusage", ".dub/resusage.visualdproj", "{3A11BF5A-18CF-4BEF-8494-43254FE56F3C}"
EndProject
Global
	GlobalSection(SolutionConfigurationPlatforms) = preSolution
		debug|x64 = debug|x64
	EndGlobalSection
	GlobalSection(ProjectConfigurationPlatforms) = postSolution
		{F833588B-E138-4F1D-9C89-FE14FA0B4C28}.debug|x64.ActiveCfg = debug|x64
		{F833588B-E138-4F1D-9C89-FE14FA0B4C28}.debug|x64.Build.0 = debug|x64
		{4581C9E1-A640-4253-B969-88F0950D605A}.debug|x64.ActiveCfg = debug|x64
		{4581C9E1-A640-4253-B969-88F0950D605A}.debug|x64.Build.0 = debug|x64
		{3A11BF5A-18CF-4BEF-8494-43254FE56F3C}.debug|x64.ActiveCfg = debug|x64
		{3A11BF5A-18CF-4BEF-8494-43254FE56F3C}.debug|x64.Build.0 = debug|x64
		{91F765F5-D041-49D2-959A-4A02D8AEE176}.debug|x64.ActiveCfg = debug|x64
		{91F765F5-D041-49D2-959A-4A02D8AEE176}.debug|x64.Build.0 = debug|x64
		{E3D07A4E-D28B-41C7-8140-B1444CA15692}.debug|x64.ActiveCfg = debug|x64
		{E3D07A4E-D28B-41C7-8140-B1444CA15692}.debug|x64.Build.0 = debug|x64
		{C6CE632D-E0C6-4CEB-B9E6-AA386E3CCCE7}.debug|x64.ActiveCfg = debug|x64
		{C6CE632D-E0C6-4CEB-B9E6-AA386E3CCCE7}.debug|x64.Build.0 = debug|x64
		{7701322A-E964-49A3-8E6F-595482B9B1CF}.debug|x64.ActiveCfg = debug|x64
		{7701322A-E964-49A3-8E6F-595482B9B1CF}.debug|x64.Build.0 = debug|x64
		{17696C93-C5D0-477A-B192-0425061149DF}.debug|x64.ActiveCfg = debug|x64
		{17696C93-C5D0-477A-B192-0425061149DF}.debug|x64.Build.0 = debug|x64
		{DF08F196-CAD8-4ECE-A288-D674008A36AE}.debug|x64.ActiveCfg = debug|x64
		{DF08F196-CAD8-4ECE-A288-D674008A36AE}.debug|x64.Build.0 = debug|x64
		{D741F992-08C4-4D91-AB38-DEC8DD696459}.debug|x64.ActiveCfg = debug|x64
		{D741F992-08C4-4D91-AB38-DEC8DD696459}.debug|x64.Build.0 = debug|x64
		{18D7E28C-4D45-4A2C-BC26-5E431B99795B}.debug|x64.ActiveCfg = debug|x64
		{18D7E28C-4D45-4A2C-BC26-5E431B99795B}.debug|x64.Build.0 = debug|x64
		{277008E1-6315-4A43-BC03-AB4319B2D935}.debug|x64.ActiveCfg = debug|x64
		{277008E1-6315-4A43-BC03-AB4319B2D935}.debug|x64.Build.0 = debug|x64
		{6F52FC23-1B11-42F3-AD6A-2B98D737DBA6}.debug|x64.ActiveCfg = debug|x64
		{6F52FC23-1B11-42F3-AD6A-2B98D737DBA6}.debug|x64.Build.0 = debug|x64
		{984C3940-1882-446F-8772-287F1D9A5BF9}.debug|x64.ActiveCfg = debug|x64
		{984C3940-1882-446F-8772-287F1D9A5BF9}.debug|x64.Build.0 = debug|x64
		{726BC283-1415-419D-8697-25B9C8EF9C42}.debug|x64.ActiveCfg = debug|x64
		{726BC283-1415-419D-8697-25B9C8EF9C42}.debug|x64.Build.0 = debug|x64
		{6C5A082C-09CE-4444-BF29-5C5BEA7C3856}.debug|x64.ActiveCfg = debug|x64
		{6C5A082C-09CE-4444-BF29-5C5BEA7C3856}.debug|x64.Build.0 = debug|x64
	EndGlobalSection
	GlobalSection(SolutionProperties) = preSolution
		HideSolutionNode = FALSE
	EndGlobalSection
EndGlobal
