Microsoft Visual Studio Solution File, Format Version 11.00
# Visual Studio 2010
Project("{39346FD9-A5B7-46F2-96F8-005238B04B09}") = "squareone", ".dub/squareone.visualdproj", "{5E73DFB1-B1DB-4AC0-9475-26A8DF435E2D}"
	ProjectSection(ProjectDependencies) = postProject
		{66B8206A-30F0-48A0-A621-9A499A5D8D44} = {66B8206A-30F0-48A0-A621-9A499A5D8D44}
		{3BF46645-591E-44D7-A61D-5583C0692F18} = {3BF46645-591E-44D7-A61D-5583C0692F18}
		{0D5A0579-7290-40E8-BE4A-7B2269680718} = {0D5A0579-7290-40E8-BE4A-7B2269680718}
		{613976BE-C68F-491C-95FF-149035898180} = {613976BE-C68F-491C-95FF-149035898180}
		{8995D618-5455-4ED1-B067-936A8CF426DA} = {8995D618-5455-4ED1-B067-936A8CF426DA}
		{A872C192-C2DC-44E3-9219-5DE0FD358F09} = {A872C192-C2DC-44E3-9219-5DE0FD358F09}
		{78538822-6207-4E2C-812E-E9FD9454A951} = {78538822-6207-4E2C-812E-E9FD9454A951}
		{B88922DC-C650-44D9-B95D-4A560BC0F4EA} = {B88922DC-C650-44D9-B95D-4A560BC0F4EA}
		{F63A8557-CAC6-49E2-ACDE-025A90661297} = {F63A8557-CAC6-49E2-ACDE-025A90661297}
		{DB34BA60-F64D-4D21-908C-CB2B7A41FEE5} = {DB34BA60-F64D-4D21-908C-CB2B7A41FEE5}
		{B7A9E3CA-5EFA-4CD7-9CEB-C14F6E39D2CA} = {B7A9E3CA-5EFA-4CD7-9CEB-C14F6E39D2CA}
		{B7A9E3CA-5EFA-4CD7-9CEB-C14F6E39D2CA} = {B7A9E3CA-5EFA-4CD7-9CEB-C14F6E39D2CA}
		{246349F5-5108-4B01-88E9-3CCB7E467DA6} = {246349F5-5108-4B01-88E9-3CCB7E467DA6}
		{795EAA56-E15F-4F2F-B2FD-55B2D59919E1} = {795EAA56-E15F-4F2F-B2FD-55B2D59919E1}
		{6BF6C3A1-A486-4216-9E71-1D02E5BA588A} = {6BF6C3A1-A486-4216-9E71-1D02E5BA588A}
		{C0B29BDA-585A-4205-80EF-A2002B314FD7} = {C0B29BDA-585A-4205-80EF-A2002B314FD7}
		{C0B29BDA-585A-4205-80EF-A2002B314FD7} = {C0B29BDA-585A-4205-80EF-A2002B314FD7}
	EndProjectSection
EndProject
Project("{39346FD9-A5B7-46F2-96F8-005238B04B09}") = "cerealed", ".dub/cerealed.visualdproj", "{3BF46645-591E-44D7-A61D-5583C0692F18}"
EndProject
Project("{39346FD9-A5B7-46F2-96F8-005238B04B09}") = "concepts", ".dub/concepts.visualdproj", "{0D5A0579-7290-40E8-BE4A-7B2269680718}"
EndProject
Project("{39346FD9-A5B7-46F2-96F8-005238B04B09}") = "colorize", ".dub/colorize.visualdproj", "{613976BE-C68F-491C-95FF-149035898180}"
EndProject
Project("{39346FD9-A5B7-46F2-96F8-005238B04B09}") = "d-cimgui", ".dub/d-cimgui.visualdproj", "{8995D618-5455-4ED1-B067-936A8CF426DA}"
EndProject
Project("{39346FD9-A5B7-46F2-96F8-005238B04B09}") = "derelict-util", ".dub/derelict-util.visualdproj", "{B7A9E3CA-5EFA-4CD7-9CEB-C14F6E39D2CA}"
EndProject
Project("{39346FD9-A5B7-46F2-96F8-005238B04B09}") = "derelict-enet", ".dub/derelict-enet.visualdproj", "{A872C192-C2DC-44E3-9219-5DE0FD358F09}"
EndProject
Project("{39346FD9-A5B7-46F2-96F8-005238B04B09}") = "derelict-fi", ".dub/derelict-fi.visualdproj", "{78538822-6207-4E2C-812E-E9FD9454A951}"
EndProject
Project("{39346FD9-A5B7-46F2-96F8-005238B04B09}") = "derelict-ft", ".dub/derelict-ft.visualdproj", "{B88922DC-C650-44D9-B95D-4A560BC0F4EA}"
EndProject
Project("{39346FD9-A5B7-46F2-96F8-005238B04B09}") = "derelict-gl3", ".dub/derelict-gl3.visualdproj", "{F63A8557-CAC6-49E2-ACDE-025A90661297}"
EndProject
Project("{39346FD9-A5B7-46F2-96F8-005238B04B09}") = "derelict-glfw3", ".dub/derelict-glfw3.visualdproj", "{DB34BA60-F64D-4D21-908C-CB2B7A41FEE5}"
EndProject
Project("{39346FD9-A5B7-46F2-96F8-005238B04B09}") = "dlib", ".dub/dlib.visualdproj", "{246349F5-5108-4B01-88E9-3CCB7E467DA6}"
EndProject
Project("{39346FD9-A5B7-46F2-96F8-005238B04B09}") = "emsi_containers", ".dub/emsi_containers.visualdproj", "{795EAA56-E15F-4F2F-B2FD-55B2D59919E1}"
EndProject
Project("{39346FD9-A5B7-46F2-96F8-005238B04B09}") = "stdx-allocator", ".dub/stdx-allocator.visualdproj", "{6BF6C3A1-A486-4216-9E71-1D02E5BA588A}"
EndProject
Project("{39346FD9-A5B7-46F2-96F8-005238B04B09}") = "moxane", ".dub/moxane.visualdproj", "{66B8206A-30F0-48A0-A621-9A499A5D8D44}"
EndProject
Project("{39346FD9-A5B7-46F2-96F8-005238B04B09}") = "resusage", ".dub/resusage.visualdproj", "{C0B29BDA-585A-4205-80EF-A2002B314FD7}"
EndProject
Global
	GlobalSection(SolutionConfigurationPlatforms) = preSolution
		debug|x64 = debug|x64
	EndGlobalSection
	GlobalSection(ProjectConfigurationPlatforms) = postSolution
		{8995D618-5455-4ED1-B067-936A8CF426DA}.debug|x64.ActiveCfg = debug|x64
		{8995D618-5455-4ED1-B067-936A8CF426DA}.debug|x64.Build.0 = debug|x64
		{6BF6C3A1-A486-4216-9E71-1D02E5BA588A}.debug|x64.ActiveCfg = debug|x64
		{6BF6C3A1-A486-4216-9E71-1D02E5BA588A}.debug|x64.Build.0 = debug|x64
		{B7A9E3CA-5EFA-4CD7-9CEB-C14F6E39D2CA}.debug|x64.ActiveCfg = debug|x64
		{B7A9E3CA-5EFA-4CD7-9CEB-C14F6E39D2CA}.debug|x64.Build.0 = debug|x64
		{5E73DFB1-B1DB-4AC0-9475-26A8DF435E2D}.debug|x64.ActiveCfg = debug|x64
		{5E73DFB1-B1DB-4AC0-9475-26A8DF435E2D}.debug|x64.Build.0 = debug|x64
		{66B8206A-30F0-48A0-A621-9A499A5D8D44}.debug|x64.ActiveCfg = debug|x64
		{66B8206A-30F0-48A0-A621-9A499A5D8D44}.debug|x64.Build.0 = debug|x64
		{B88922DC-C650-44D9-B95D-4A560BC0F4EA}.debug|x64.ActiveCfg = debug|x64
		{B88922DC-C650-44D9-B95D-4A560BC0F4EA}.debug|x64.Build.0 = debug|x64
		{F63A8557-CAC6-49E2-ACDE-025A90661297}.debug|x64.ActiveCfg = debug|x64
		{F63A8557-CAC6-49E2-ACDE-025A90661297}.debug|x64.Build.0 = debug|x64
		{0D5A0579-7290-40E8-BE4A-7B2269680718}.debug|x64.ActiveCfg = debug|x64
		{0D5A0579-7290-40E8-BE4A-7B2269680718}.debug|x64.Build.0 = debug|x64
		{C0B29BDA-585A-4205-80EF-A2002B314FD7}.debug|x64.ActiveCfg = debug|x64
		{C0B29BDA-585A-4205-80EF-A2002B314FD7}.debug|x64.Build.0 = debug|x64
		{795EAA56-E15F-4F2F-B2FD-55B2D59919E1}.debug|x64.ActiveCfg = debug|x64
		{795EAA56-E15F-4F2F-B2FD-55B2D59919E1}.debug|x64.Build.0 = debug|x64
		{246349F5-5108-4B01-88E9-3CCB7E467DA6}.debug|x64.ActiveCfg = debug|x64
		{246349F5-5108-4B01-88E9-3CCB7E467DA6}.debug|x64.Build.0 = debug|x64
		{3BF46645-591E-44D7-A61D-5583C0692F18}.debug|x64.ActiveCfg = debug|x64
		{3BF46645-591E-44D7-A61D-5583C0692F18}.debug|x64.Build.0 = debug|x64
		{A872C192-C2DC-44E3-9219-5DE0FD358F09}.debug|x64.ActiveCfg = debug|x64
		{A872C192-C2DC-44E3-9219-5DE0FD358F09}.debug|x64.Build.0 = debug|x64
		{78538822-6207-4E2C-812E-E9FD9454A951}.debug|x64.ActiveCfg = debug|x64
		{78538822-6207-4E2C-812E-E9FD9454A951}.debug|x64.Build.0 = debug|x64
		{DB34BA60-F64D-4D21-908C-CB2B7A41FEE5}.debug|x64.ActiveCfg = debug|x64
		{DB34BA60-F64D-4D21-908C-CB2B7A41FEE5}.debug|x64.Build.0 = debug|x64
		{613976BE-C68F-491C-95FF-149035898180}.debug|x64.ActiveCfg = debug|x64
		{613976BE-C68F-491C-95FF-149035898180}.debug|x64.Build.0 = debug|x64
	EndGlobalSection
	GlobalSection(SolutionProperties) = preSolution
		HideSolutionNode = FALSE
	EndGlobalSection
EndGlobal
